
Microsoft Visual Studio Solution File, Format Version 12.00
# Visual Studio Version 16
VisualStudioVersion = 16.0.29709.97
MinimumVisualStudioVersion = 10.0.40219.1
Project("{FAE04EC0-301F-11D3-BF4B-00C04F79EFBC}") = "Demo1.UWP", "Demo1\Demo1.UWP\Demo1.UWP.csproj", "{A9E540BB-5F3C-491B-97BC-5FDFE3B9F9ED}"
EndProject
Project("{FAE04EC0-301F-11D3-BF4B-00C04F79EFBC}") = "Demo1.Android", "Demo1\Demo1.Android\Demo1.Android.csproj", "{E90DCC4C-E47D-4C0E-A6E5-A3F8069E188D}"
EndProject
Project("{FAE04EC0-301F-11D3-BF4B-00C04F79EFBC}") = "Demo1.iOS", "Demo1\Demo1.iOS\Demo1.iOS.csproj", "{9B1F5FBF-613B-4ED3-A6F8-7C529FF5DA91}"
EndProject
Project("{9A19103F-16F7-4668-BE54-9A1E7A4F7556}") = "Demo1", "Demo1\Demo1\Demo1.csproj", "{676AAC1D-38FC-4A73-9BC3-36F16B89ECC1}"
EndProject
Project("{2150E333-8FDC-42A3-9474-1A3956D46DE8}") = "Demos", "Demos", "{8A4C339D-1FD0-4B83-8FDF-D5B482C0CA8E}"
EndProject
Project("{FAE04EC0-301F-11D3-BF4B-00C04F79EFBC}") = "TP-Mod4.UWP", "TP-Mod4\TP-Mod4.UWP\TP-Mod4.UWP.csproj", "{547D2FC2-5B5D-487F-807D-11869E4964A2}"
EndProject
Project("{FAE04EC0-301F-11D3-BF4B-00C04F79EFBC}") = "TP-Mod4.Android", "TP-Mod4\TP-Mod4.Android\TP-Mod4.Android.csproj", "{BE07F41E-9F7D-4C4D-AF3B-289E94D8DF54}"
EndProject
Project("{9A19103F-16F7-4668-BE54-9A1E7A4F7556}") = "TP-Mod4", "TP-Mod4\TP-Mod4\TP-Mod4.csproj", "{3153BBBB-1D28-4155-8AB9-61CEDB3ACFD9}"
EndProject
Project("{FAE04EC0-301F-11D3-BF4B-00C04F79EFBC}") = "TP-Mod5.UWP", "TP-Mod5\TP-Mod5.UWP\TP-Mod5.UWP.csproj", "{5B099BA6-12E8-403C-AA2F-BCD28702E50D}"
EndProject
Project("{FAE04EC0-301F-11D3-BF4B-00C04F79EFBC}") = "TP-Mod5.Android", "TP-Mod5\TP-Mod5.Android\TP-Mod5.Android.csproj", "{151FB5BE-DA8D-46FD-A682-7E41B2A128CD}"
EndProject
Project("{9A19103F-16F7-4668-BE54-9A1E7A4F7556}") = "TP-Mod5", "TP-Mod5\TP-Mod5\TP-Mod5.csproj", "{D179FE4B-9298-453C-B507-E2F1B354AD74}"
EndProject
Project("{2150E333-8FDC-42A3-9474-1A3956D46DE8}") = "TP4", "TP4", "{6C69F2AC-29A6-4AFB-824B-43975679D481}"
EndProject
Project("{2150E333-8FDC-42A3-9474-1A3956D46DE8}") = "TP5", "TP5", "{DA126B14-C9EF-4A8D-BC74-1D3559171A10}"
EndProject
Project("{2150E333-8FDC-42A3-9474-1A3956D46DE8}") = "TP6", "TP6", "{43BD4ED1-AF94-4F08-81CA-C65D96D2DB53}"
EndProject
Project("{FAE04EC0-301F-11D3-BF4B-00C04F79EFBC}") = "TP-Mod6.UWP", "TP-Mod6\TP-Mod6.UWP\TP-Mod6.UWP.csproj", "{2F6ED4BE-727D-4EB1-94A1-81D463806891}"
EndProject
Project("{FAE04EC0-301F-11D3-BF4B-00C04F79EFBC}") = "TP-Mod6.Android", "TP-Mod6\TP-Mod6.Android\TP-Mod6.Android.csproj", "{E7CBF648-13C8-4058-A2C2-CC6D0402166F}"
EndProject
Project("{9A19103F-16F7-4668-BE54-9A1E7A4F7556}") = "TP-Mod6", "TP-Mod6\TP-Mod6\TP-Mod6.csproj", "{AECC5AFE-B593-457F-9A37-8D17C11504E3}"
EndProject
Project("{2150E333-8FDC-42A3-9474-1A3956D46DE8}") = "TP7", "TP7", "{97CC4BEC-2D63-44C5-9246-B1029C11680D}"
EndProject
Project("{FAE04EC0-301F-11D3-BF4B-00C04F79EFBC}") = "TP-Mod7.UWP", "TP-Mod7\TP-Mod7.UWP\TP-Mod7.UWP.csproj", "{D26379B1-6DF7-4825-B054-238D0786ADF3}"
EndProject
Project("{FAE04EC0-301F-11D3-BF4B-00C04F79EFBC}") = "TP-Mod7.Android", "TP-Mod7\TP-Mod7.Android\TP-Mod7.Android.csproj", "{EBAF30D0-C56C-4055-ACBA-4A2027CF7285}"
EndProject
Project("{9A19103F-16F7-4668-BE54-9A1E7A4F7556}") = "TP-Mod7", "TP-Mod7\TP-Mod7\TP-Mod7.csproj", "{D6745A76-B2C1-454A-B406-BF20D648ADD0}"
EndProject
Project("{2150E333-8FDC-42A3-9474-1A3956D46DE8}") = "Demo1", "Demo1", "{73952405-19FF-449F-8726-F313555A12AA}"
EndProject
Project("{2150E333-8FDC-42A3-9474-1A3956D46DE8}") = "TP8", "TP8", "{B46E0AFE-8E41-46A9-AE24-B923A3017FB7}"
EndProject
Project("{FAE04EC0-301F-11D3-BF4B-00C04F79EFBC}") = "TP-Mod8.UWP", "TP-Mod8\TP-Mod8.UWP\TP-Mod8.UWP.csproj", "{0E36C1BC-4F25-4A34-8529-3D1C9CEA9954}"
EndProject
Project("{FAE04EC0-301F-11D3-BF4B-00C04F79EFBC}") = "TP-Mod8.Android", "TP-Mod8\TP-Mod8.Android\TP-Mod8.Android.csproj", "{79B245C0-E69E-4B9C-936A-61379527B997}"
EndProject
Project("{9A19103F-16F7-4668-BE54-9A1E7A4F7556}") = "TP-Mod8", "TP-Mod8\TP-Mod8\TP-Mod8.csproj", "{7969D17A-33BD-4A38-AA05-91E91A576889}"
EndProject
Project("{2150E333-8FDC-42A3-9474-1A3956D46DE8}") = "TP9", "TP9", "{C8B76904-670D-48A3-BEA9-78E8A219C354}"
EndProject
Project("{2150E333-8FDC-42A3-9474-1A3956D46DE8}") = "Cours", "Cours", "{D4B55AB9-E3BB-444D-90C9-1DED1B24F39F}"
EndProject
Project("{9A19103F-16F7-4668-BE54-9A1E7A4F7556}") = "TP1", "..\RCDA008F-Xamarin\TP1\TP1\TP1.csproj", "{A2ED9602-F40C-4EF0-BD7F-1EC2EDD57DB1}"
EndProject
Project("{9A19103F-16F7-4668-BE54-9A1E7A4F7556}") = "TP1", "TPMod9\TP1\TP1.csproj", "{77D95F24-0C25-4FC1-8365-3D67DDAA74EE}"
EndProject
Project("{FAE04EC0-301F-11D3-BF4B-00C04F79EFBC}") = "TP1.UWP", "TPMod9\TP1.UWP\TP1.UWP.csproj", "{A4051445-357E-42C4-9292-F53A67451CA2}"
EndProject
Global
	GlobalSection(SolutionConfigurationPlatforms) = preSolution
		Debug|Any CPU = Debug|Any CPU
		Debug|ARM = Debug|ARM
		Debug|iPhone = Debug|iPhone
		Debug|iPhoneSimulator = Debug|iPhoneSimulator
		Debug|x64 = Debug|x64
		Debug|x86 = Debug|x86
		Release|Any CPU = Release|Any CPU
		Release|ARM = Release|ARM
		Release|iPhone = Release|iPhone
		Release|iPhoneSimulator = Release|iPhoneSimulator
		Release|x64 = Release|x64
		Release|x86 = Release|x86
	EndGlobalSection
	GlobalSection(ProjectConfigurationPlatforms) = postSolution
		{A9E540BB-5F3C-491B-97BC-5FDFE3B9F9ED}.Debug|Any CPU.ActiveCfg = Debug|x86
		{A9E540BB-5F3C-491B-97BC-5FDFE3B9F9ED}.Debug|Any CPU.Build.0 = Debug|x86
		{A9E540BB-5F3C-491B-97BC-5FDFE3B9F9ED}.Debug|Any CPU.Deploy.0 = Debug|x86
		{A9E540BB-5F3C-491B-97BC-5FDFE3B9F9ED}.Debug|ARM.ActiveCfg = Debug|ARM
		{A9E540BB-5F3C-491B-97BC-5FDFE3B9F9ED}.Debug|ARM.Build.0 = Debug|ARM
		{A9E540BB-5F3C-491B-97BC-5FDFE3B9F9ED}.Debug|ARM.Deploy.0 = Debug|ARM
		{A9E540BB-5F3C-491B-97BC-5FDFE3B9F9ED}.Debug|iPhone.ActiveCfg = Debug|x86
		{A9E540BB-5F3C-491B-97BC-5FDFE3B9F9ED}.Debug|iPhone.Build.0 = Debug|x86
		{A9E540BB-5F3C-491B-97BC-5FDFE3B9F9ED}.Debug|iPhone.Deploy.0 = Debug|x86
		{A9E540BB-5F3C-491B-97BC-5FDFE3B9F9ED}.Debug|iPhoneSimulator.ActiveCfg = Debug|x86
		{A9E540BB-5F3C-491B-97BC-5FDFE3B9F9ED}.Debug|iPhoneSimulator.Build.0 = Debug|x86
		{A9E540BB-5F3C-491B-97BC-5FDFE3B9F9ED}.Debug|iPhoneSimulator.Deploy.0 = Debug|x86
		{A9E540BB-5F3C-491B-97BC-5FDFE3B9F9ED}.Debug|x64.ActiveCfg = Debug|x64
		{A9E540BB-5F3C-491B-97BC-5FDFE3B9F9ED}.Debug|x64.Build.0 = Debug|x64
		{A9E540BB-5F3C-491B-97BC-5FDFE3B9F9ED}.Debug|x64.Deploy.0 = Debug|x64
		{A9E540BB-5F3C-491B-97BC-5FDFE3B9F9ED}.Debug|x86.ActiveCfg = Debug|x86
		{A9E540BB-5F3C-491B-97BC-5FDFE3B9F9ED}.Debug|x86.Build.0 = Debug|x86
		{A9E540BB-5F3C-491B-97BC-5FDFE3B9F9ED}.Debug|x86.Deploy.0 = Debug|x86
		{A9E540BB-5F3C-491B-97BC-5FDFE3B9F9ED}.Release|Any CPU.ActiveCfg = Release|x86
		{A9E540BB-5F3C-491B-97BC-5FDFE3B9F9ED}.Release|Any CPU.Build.0 = Release|x86
		{A9E540BB-5F3C-491B-97BC-5FDFE3B9F9ED}.Release|Any CPU.Deploy.0 = Release|x86
		{A9E540BB-5F3C-491B-97BC-5FDFE3B9F9ED}.Release|ARM.ActiveCfg = Release|ARM
		{A9E540BB-5F3C-491B-97BC-5FDFE3B9F9ED}.Release|ARM.Build.0 = Release|ARM
		{A9E540BB-5F3C-491B-97BC-5FDFE3B9F9ED}.Release|ARM.Deploy.0 = Release|ARM
		{A9E540BB-5F3C-491B-97BC-5FDFE3B9F9ED}.Release|iPhone.ActiveCfg = Release|x86
		{A9E540BB-5F3C-491B-97BC-5FDFE3B9F9ED}.Release|iPhone.Build.0 = Release|x86
		{A9E540BB-5F3C-491B-97BC-5FDFE3B9F9ED}.Release|iPhone.Deploy.0 = Release|x86
		{A9E540BB-5F3C-491B-97BC-5FDFE3B9F9ED}.Release|iPhoneSimulator.ActiveCfg = Release|x86
		{A9E540BB-5F3C-491B-97BC-5FDFE3B9F9ED}.Release|iPhoneSimulator.Build.0 = Release|x86
		{A9E540BB-5F3C-491B-97BC-5FDFE3B9F9ED}.Release|iPhoneSimulator.Deploy.0 = Release|x86
		{A9E540BB-5F3C-491B-97BC-5FDFE3B9F9ED}.Release|x64.ActiveCfg = Release|x64
		{A9E540BB-5F3C-491B-97BC-5FDFE3B9F9ED}.Release|x64.Build.0 = Release|x64
		{A9E540BB-5F3C-491B-97BC-5FDFE3B9F9ED}.Release|x64.Deploy.0 = Release|x64
		{A9E540BB-5F3C-491B-97BC-5FDFE3B9F9ED}.Release|x86.ActiveCfg = Release|x86
		{A9E540BB-5F3C-491B-97BC-5FDFE3B9F9ED}.Release|x86.Build.0 = Release|x86
		{A9E540BB-5F3C-491B-97BC-5FDFE3B9F9ED}.Release|x86.Deploy.0 = Release|x86
		{E90DCC4C-E47D-4C0E-A6E5-A3F8069E188D}.Debug|Any CPU.ActiveCfg = Debug|Any CPU
		{E90DCC4C-E47D-4C0E-A6E5-A3F8069E188D}.Debug|Any CPU.Build.0 = Debug|Any CPU
		{E90DCC4C-E47D-4C0E-A6E5-A3F8069E188D}.Debug|Any CPU.Deploy.0 = Debug|Any CPU
		{E90DCC4C-E47D-4C0E-A6E5-A3F8069E188D}.Debug|ARM.ActiveCfg = Debug|Any CPU
		{E90DCC4C-E47D-4C0E-A6E5-A3F8069E188D}.Debug|ARM.Build.0 = Debug|Any CPU
		{E90DCC4C-E47D-4C0E-A6E5-A3F8069E188D}.Debug|ARM.Deploy.0 = Debug|Any CPU
		{E90DCC4C-E47D-4C0E-A6E5-A3F8069E188D}.Debug|iPhone.ActiveCfg = Debug|Any CPU
		{E90DCC4C-E47D-4C0E-A6E5-A3F8069E188D}.Debug|iPhone.Build.0 = Debug|Any CPU
		{E90DCC4C-E47D-4C0E-A6E5-A3F8069E188D}.Debug|iPhone.Deploy.0 = Debug|Any CPU
		{E90DCC4C-E47D-4C0E-A6E5-A3F8069E188D}.Debug|iPhoneSimulator.ActiveCfg = Debug|Any CPU
		{E90DCC4C-E47D-4C0E-A6E5-A3F8069E188D}.Debug|iPhoneSimulator.Build.0 = Debug|Any CPU
		{E90DCC4C-E47D-4C0E-A6E5-A3F8069E188D}.Debug|iPhoneSimulator.Deploy.0 = Debug|Any CPU
		{E90DCC4C-E47D-4C0E-A6E5-A3F8069E188D}.Debug|x64.ActiveCfg = Debug|Any CPU
		{E90DCC4C-E47D-4C0E-A6E5-A3F8069E188D}.Debug|x64.Build.0 = Debug|Any CPU
		{E90DCC4C-E47D-4C0E-A6E5-A3F8069E188D}.Debug|x64.Deploy.0 = Debug|Any CPU
		{E90DCC4C-E47D-4C0E-A6E5-A3F8069E188D}.Debug|x86.ActiveCfg = Debug|Any CPU
		{E90DCC4C-E47D-4C0E-A6E5-A3F8069E188D}.Debug|x86.Build.0 = Debug|Any CPU
		{E90DCC4C-E47D-4C0E-A6E5-A3F8069E188D}.Debug|x86.Deploy.0 = Debug|Any CPU
		{E90DCC4C-E47D-4C0E-A6E5-A3F8069E188D}.Release|Any CPU.ActiveCfg = Release|Any CPU
		{E90DCC4C-E47D-4C0E-A6E5-A3F8069E188D}.Release|Any CPU.Build.0 = Release|Any CPU
		{E90DCC4C-E47D-4C0E-A6E5-A3F8069E188D}.Release|Any CPU.Deploy.0 = Release|Any CPU
		{E90DCC4C-E47D-4C0E-A6E5-A3F8069E188D}.Release|ARM.ActiveCfg = Release|Any CPU
		{E90DCC4C-E47D-4C0E-A6E5-A3F8069E188D}.Release|ARM.Build.0 = Release|Any CPU
		{E90DCC4C-E47D-4C0E-A6E5-A3F8069E188D}.Release|ARM.Deploy.0 = Release|Any CPU
		{E90DCC4C-E47D-4C0E-A6E5-A3F8069E188D}.Release|iPhone.ActiveCfg = Release|Any CPU
		{E90DCC4C-E47D-4C0E-A6E5-A3F8069E188D}.Release|iPhone.Build.0 = Release|Any CPU
		{E90DCC4C-E47D-4C0E-A6E5-A3F8069E188D}.Release|iPhone.Deploy.0 = Release|Any CPU
		{E90DCC4C-E47D-4C0E-A6E5-A3F8069E188D}.Release|iPhoneSimulator.ActiveCfg = Release|Any CPU
		{E90DCC4C-E47D-4C0E-A6E5-A3F8069E188D}.Release|iPhoneSimulator.Build.0 = Release|Any CPU
		{E90DCC4C-E47D-4C0E-A6E5-A3F8069E188D}.Release|iPhoneSimulator.Deploy.0 = Release|Any CPU
		{E90DCC4C-E47D-4C0E-A6E5-A3F8069E188D}.Release|x64.ActiveCfg = Release|Any CPU
		{E90DCC4C-E47D-4C0E-A6E5-A3F8069E188D}.Release|x64.Build.0 = Release|Any CPU
		{E90DCC4C-E47D-4C0E-A6E5-A3F8069E188D}.Release|x64.Deploy.0 = Release|Any CPU
		{E90DCC4C-E47D-4C0E-A6E5-A3F8069E188D}.Release|x86.ActiveCfg = Release|Any CPU
		{E90DCC4C-E47D-4C0E-A6E5-A3F8069E188D}.Release|x86.Build.0 = Release|Any CPU
		{E90DCC4C-E47D-4C0E-A6E5-A3F8069E188D}.Release|x86.Deploy.0 = Release|Any CPU
		{9B1F5FBF-613B-4ED3-A6F8-7C529FF5DA91}.Debug|Any CPU.ActiveCfg = Debug|iPhone
		{9B1F5FBF-613B-4ED3-A6F8-7C529FF5DA91}.Debug|Any CPU.Build.0 = Debug|iPhone
		{9B1F5FBF-613B-4ED3-A6F8-7C529FF5DA91}.Debug|Any CPU.Deploy.0 = Debug|iPhone
		{9B1F5FBF-613B-4ED3-A6F8-7C529FF5DA91}.Debug|ARM.ActiveCfg = Debug|iPhoneSimulator
		{9B1F5FBF-613B-4ED3-A6F8-7C529FF5DA91}.Debug|ARM.Build.0 = Debug|iPhoneSimulator
		{9B1F5FBF-613B-4ED3-A6F8-7C529FF5DA91}.Debug|ARM.Deploy.0 = Debug|iPhoneSimulator
		{9B1F5FBF-613B-4ED3-A6F8-7C529FF5DA91}.Debug|iPhone.ActiveCfg = Debug|iPhone
		{9B1F5FBF-613B-4ED3-A6F8-7C529FF5DA91}.Debug|iPhone.Build.0 = Debug|iPhone
		{9B1F5FBF-613B-4ED3-A6F8-7C529FF5DA91}.Debug|iPhone.Deploy.0 = Debug|iPhone
		{9B1F5FBF-613B-4ED3-A6F8-7C529FF5DA91}.Debug|iPhoneSimulator.ActiveCfg = Debug|iPhoneSimulator
		{9B1F5FBF-613B-4ED3-A6F8-7C529FF5DA91}.Debug|iPhoneSimulator.Build.0 = Debug|iPhoneSimulator
		{9B1F5FBF-613B-4ED3-A6F8-7C529FF5DA91}.Debug|iPhoneSimulator.Deploy.0 = Debug|iPhoneSimulator
		{9B1F5FBF-613B-4ED3-A6F8-7C529FF5DA91}.Debug|x64.ActiveCfg = Debug|iPhone
		{9B1F5FBF-613B-4ED3-A6F8-7C529FF5DA91}.Debug|x64.Build.0 = Debug|iPhone
		{9B1F5FBF-613B-4ED3-A6F8-7C529FF5DA91}.Debug|x64.Deploy.0 = Debug|iPhone
		{9B1F5FBF-613B-4ED3-A6F8-7C529FF5DA91}.Debug|x86.ActiveCfg = Debug|iPhone
		{9B1F5FBF-613B-4ED3-A6F8-7C529FF5DA91}.Debug|x86.Build.0 = Debug|iPhone
		{9B1F5FBF-613B-4ED3-A6F8-7C529FF5DA91}.Debug|x86.Deploy.0 = Debug|iPhone
		{9B1F5FBF-613B-4ED3-A6F8-7C529FF5DA91}.Release|Any CPU.ActiveCfg = Release|iPhone
		{9B1F5FBF-613B-4ED3-A6F8-7C529FF5DA91}.Release|Any CPU.Build.0 = Release|iPhone
		{9B1F5FBF-613B-4ED3-A6F8-7C529FF5DA91}.Release|Any CPU.Deploy.0 = Release|iPhone
		{9B1F5FBF-613B-4ED3-A6F8-7C529FF5DA91}.Release|ARM.ActiveCfg = Release|iPhone
		{9B1F5FBF-613B-4ED3-A6F8-7C529FF5DA91}.Release|ARM.Build.0 = Release|iPhone
		{9B1F5FBF-613B-4ED3-A6F8-7C529FF5DA91}.Release|ARM.Deploy.0 = Release|iPhone
		{9B1F5FBF-613B-4ED3-A6F8-7C529FF5DA91}.Release|iPhone.ActiveCfg = Release|iPhone
		{9B1F5FBF-613B-4ED3-A6F8-7C529FF5DA91}.Release|iPhone.Build.0 = Release|iPhone
		{9B1F5FBF-613B-4ED3-A6F8-7C529FF5DA91}.Release|iPhone.Deploy.0 = Release|iPhone
		{9B1F5FBF-613B-4ED3-A6F8-7C529FF5DA91}.Release|iPhoneSimulator.ActiveCfg = Release|iPhoneSimulator
		{9B1F5FBF-613B-4ED3-A6F8-7C529FF5DA91}.Release|iPhoneSimulator.Build.0 = Release|iPhoneSimulator
		{9B1F5FBF-613B-4ED3-A6F8-7C529FF5DA91}.Release|iPhoneSimulator.Deploy.0 = Release|iPhoneSimulator
		{9B1F5FBF-613B-4ED3-A6F8-7C529FF5DA91}.Release|x64.ActiveCfg = Release|iPhone
		{9B1F5FBF-613B-4ED3-A6F8-7C529FF5DA91}.Release|x64.Build.0 = Release|iPhone
		{9B1F5FBF-613B-4ED3-A6F8-7C529FF5DA91}.Release|x64.Deploy.0 = Release|iPhone
		{9B1F5FBF-613B-4ED3-A6F8-7C529FF5DA91}.Release|x86.ActiveCfg = Release|iPhone
		{9B1F5FBF-613B-4ED3-A6F8-7C529FF5DA91}.Release|x86.Build.0 = Release|iPhone
		{9B1F5FBF-613B-4ED3-A6F8-7C529FF5DA91}.Release|x86.Deploy.0 = Release|iPhone
		{676AAC1D-38FC-4A73-9BC3-36F16B89ECC1}.Debug|Any CPU.ActiveCfg = Debug|Any CPU
		{676AAC1D-38FC-4A73-9BC3-36F16B89ECC1}.Debug|Any CPU.Build.0 = Debug|Any CPU
		{676AAC1D-38FC-4A73-9BC3-36F16B89ECC1}.Debug|Any CPU.Deploy.0 = Debug|Any CPU
		{676AAC1D-38FC-4A73-9BC3-36F16B89ECC1}.Debug|ARM.ActiveCfg = Debug|Any CPU
		{676AAC1D-38FC-4A73-9BC3-36F16B89ECC1}.Debug|ARM.Build.0 = Debug|Any CPU
		{676AAC1D-38FC-4A73-9BC3-36F16B89ECC1}.Debug|ARM.Deploy.0 = Debug|Any CPU
		{676AAC1D-38FC-4A73-9BC3-36F16B89ECC1}.Debug|iPhone.ActiveCfg = Debug|Any CPU
		{676AAC1D-38FC-4A73-9BC3-36F16B89ECC1}.Debug|iPhone.Build.0 = Debug|Any CPU
		{676AAC1D-38FC-4A73-9BC3-36F16B89ECC1}.Debug|iPhone.Deploy.0 = Debug|Any CPU
		{676AAC1D-38FC-4A73-9BC3-36F16B89ECC1}.Debug|iPhoneSimulator.ActiveCfg = Debug|Any CPU
		{676AAC1D-38FC-4A73-9BC3-36F16B89ECC1}.Debug|iPhoneSimulator.Build.0 = Debug|Any CPU
		{676AAC1D-38FC-4A73-9BC3-36F16B89ECC1}.Debug|iPhoneSimulator.Deploy.0 = Debug|Any CPU
		{676AAC1D-38FC-4A73-9BC3-36F16B89ECC1}.Debug|x64.ActiveCfg = Debug|Any CPU
		{676AAC1D-38FC-4A73-9BC3-36F16B89ECC1}.Debug|x64.Build.0 = Debug|Any CPU
		{676AAC1D-38FC-4A73-9BC3-36F16B89ECC1}.Debug|x64.Deploy.0 = Debug|Any CPU
		{676AAC1D-38FC-4A73-9BC3-36F16B89ECC1}.Debug|x86.ActiveCfg = Debug|Any CPU
		{676AAC1D-38FC-4A73-9BC3-36F16B89ECC1}.Debug|x86.Build.0 = Debug|Any CPU
		{676AAC1D-38FC-4A73-9BC3-36F16B89ECC1}.Debug|x86.Deploy.0 = Debug|Any CPU
		{676AAC1D-38FC-4A73-9BC3-36F16B89ECC1}.Release|Any CPU.ActiveCfg = Release|Any CPU
		{676AAC1D-38FC-4A73-9BC3-36F16B89ECC1}.Release|Any CPU.Build.0 = Release|Any CPU
		{676AAC1D-38FC-4A73-9BC3-36F16B89ECC1}.Release|Any CPU.Deploy.0 = Release|Any CPU
		{676AAC1D-38FC-4A73-9BC3-36F16B89ECC1}.Release|ARM.ActiveCfg = Release|Any CPU
		{676AAC1D-38FC-4A73-9BC3-36F16B89ECC1}.Release|ARM.Build.0 = Release|Any CPU
		{676AAC1D-38FC-4A73-9BC3-36F16B89ECC1}.Release|ARM.Deploy.0 = Release|Any CPU
		{676AAC1D-38FC-4A73-9BC3-36F16B89ECC1}.Release|iPhone.ActiveCfg = Release|Any CPU
		{676AAC1D-38FC-4A73-9BC3-36F16B89ECC1}.Release|iPhone.Build.0 = Release|Any CPU
		{676AAC1D-38FC-4A73-9BC3-36F16B89ECC1}.Release|iPhone.Deploy.0 = Release|Any CPU
		{676AAC1D-38FC-4A73-9BC3-36F16B89ECC1}.Release|iPhoneSimulator.ActiveCfg = Release|Any CPU
		{676AAC1D-38FC-4A73-9BC3-36F16B89ECC1}.Release|iPhoneSimulator.Build.0 = Release|Any CPU
		{676AAC1D-38FC-4A73-9BC3-36F16B89ECC1}.Release|iPhoneSimulator.Deploy.0 = Release|Any CPU
		{676AAC1D-38FC-4A73-9BC3-36F16B89ECC1}.Release|x64.ActiveCfg = Release|Any CPU
		{676AAC1D-38FC-4A73-9BC3-36F16B89ECC1}.Release|x64.Build.0 = Release|Any CPU
		{676AAC1D-38FC-4A73-9BC3-36F16B89ECC1}.Release|x64.Deploy.0 = Release|Any CPU
		{676AAC1D-38FC-4A73-9BC3-36F16B89ECC1}.Release|x86.ActiveCfg = Release|Any CPU
		{676AAC1D-38FC-4A73-9BC3-36F16B89ECC1}.Release|x86.Build.0 = Release|Any CPU
		{676AAC1D-38FC-4A73-9BC3-36F16B89ECC1}.Release|x86.Deploy.0 = Release|Any CPU
		{547D2FC2-5B5D-487F-807D-11869E4964A2}.Debug|Any CPU.ActiveCfg = Debug|x86
		{547D2FC2-5B5D-487F-807D-11869E4964A2}.Debug|ARM.ActiveCfg = Debug|ARM
		{547D2FC2-5B5D-487F-807D-11869E4964A2}.Debug|ARM.Build.0 = Debug|ARM
		{547D2FC2-5B5D-487F-807D-11869E4964A2}.Debug|ARM.Deploy.0 = Debug|ARM
		{547D2FC2-5B5D-487F-807D-11869E4964A2}.Debug|iPhone.ActiveCfg = Debug|x86
		{547D2FC2-5B5D-487F-807D-11869E4964A2}.Debug|iPhoneSimulator.ActiveCfg = Debug|x86
		{547D2FC2-5B5D-487F-807D-11869E4964A2}.Debug|x64.ActiveCfg = Debug|x64
		{547D2FC2-5B5D-487F-807D-11869E4964A2}.Debug|x64.Build.0 = Debug|x64
		{547D2FC2-5B5D-487F-807D-11869E4964A2}.Debug|x64.Deploy.0 = Debug|x64
		{547D2FC2-5B5D-487F-807D-11869E4964A2}.Debug|x86.ActiveCfg = Debug|x86
		{547D2FC2-5B5D-487F-807D-11869E4964A2}.Debug|x86.Build.0 = Debug|x86
		{547D2FC2-5B5D-487F-807D-11869E4964A2}.Debug|x86.Deploy.0 = Debug|x86
		{547D2FC2-5B5D-487F-807D-11869E4964A2}.Release|Any CPU.ActiveCfg = Release|x86
		{547D2FC2-5B5D-487F-807D-11869E4964A2}.Release|ARM.ActiveCfg = Release|ARM
		{547D2FC2-5B5D-487F-807D-11869E4964A2}.Release|ARM.Build.0 = Release|ARM
		{547D2FC2-5B5D-487F-807D-11869E4964A2}.Release|ARM.Deploy.0 = Release|ARM
		{547D2FC2-5B5D-487F-807D-11869E4964A2}.Release|iPhone.ActiveCfg = Release|x86
		{547D2FC2-5B5D-487F-807D-11869E4964A2}.Release|iPhoneSimulator.ActiveCfg = Release|x86
		{547D2FC2-5B5D-487F-807D-11869E4964A2}.Release|x64.ActiveCfg = Release|x64
		{547D2FC2-5B5D-487F-807D-11869E4964A2}.Release|x64.Build.0 = Release|x64
		{547D2FC2-5B5D-487F-807D-11869E4964A2}.Release|x64.Deploy.0 = Release|x64
		{547D2FC2-5B5D-487F-807D-11869E4964A2}.Release|x86.ActiveCfg = Release|x86
		{547D2FC2-5B5D-487F-807D-11869E4964A2}.Release|x86.Build.0 = Release|x86
		{547D2FC2-5B5D-487F-807D-11869E4964A2}.Release|x86.Deploy.0 = Release|x86
		{BE07F41E-9F7D-4C4D-AF3B-289E94D8DF54}.Debug|Any CPU.ActiveCfg = Debug|Any CPU
		{BE07F41E-9F7D-4C4D-AF3B-289E94D8DF54}.Debug|Any CPU.Build.0 = Debug|Any CPU
		{BE07F41E-9F7D-4C4D-AF3B-289E94D8DF54}.Debug|Any CPU.Deploy.0 = Debug|Any CPU
		{BE07F41E-9F7D-4C4D-AF3B-289E94D8DF54}.Debug|ARM.ActiveCfg = Debug|Any CPU
		{BE07F41E-9F7D-4C4D-AF3B-289E94D8DF54}.Debug|ARM.Build.0 = Debug|Any CPU
		{BE07F41E-9F7D-4C4D-AF3B-289E94D8DF54}.Debug|ARM.Deploy.0 = Debug|Any CPU
		{BE07F41E-9F7D-4C4D-AF3B-289E94D8DF54}.Debug|iPhone.ActiveCfg = Debug|Any CPU
		{BE07F41E-9F7D-4C4D-AF3B-289E94D8DF54}.Debug|iPhone.Build.0 = Debug|Any CPU
		{BE07F41E-9F7D-4C4D-AF3B-289E94D8DF54}.Debug|iPhone.Deploy.0 = Debug|Any CPU
		{BE07F41E-9F7D-4C4D-AF3B-289E94D8DF54}.Debug|iPhoneSimulator.ActiveCfg = Debug|Any CPU
		{BE07F41E-9F7D-4C4D-AF3B-289E94D8DF54}.Debug|iPhoneSimulator.Build.0 = Debug|Any CPU
		{BE07F41E-9F7D-4C4D-AF3B-289E94D8DF54}.Debug|iPhoneSimulator.Deploy.0 = Debug|Any CPU
		{BE07F41E-9F7D-4C4D-AF3B-289E94D8DF54}.Debug|x64.ActiveCfg = Debug|Any CPU
		{BE07F41E-9F7D-4C4D-AF3B-289E94D8DF54}.Debug|x64.Build.0 = Debug|Any CPU
		{BE07F41E-9F7D-4C4D-AF3B-289E94D8DF54}.Debug|x64.Deploy.0 = Debug|Any CPU
		{BE07F41E-9F7D-4C4D-AF3B-289E94D8DF54}.Debug|x86.ActiveCfg = Debug|Any CPU
		{BE07F41E-9F7D-4C4D-AF3B-289E94D8DF54}.Debug|x86.Build.0 = Debug|Any CPU
		{BE07F41E-9F7D-4C4D-AF3B-289E94D8DF54}.Debug|x86.Deploy.0 = Debug|Any CPU
		{BE07F41E-9F7D-4C4D-AF3B-289E94D8DF54}.Release|Any CPU.ActiveCfg = Release|Any CPU
		{BE07F41E-9F7D-4C4D-AF3B-289E94D8DF54}.Release|Any CPU.Build.0 = Release|Any CPU
		{BE07F41E-9F7D-4C4D-AF3B-289E94D8DF54}.Release|Any CPU.Deploy.0 = Release|Any CPU
		{BE07F41E-9F7D-4C4D-AF3B-289E94D8DF54}.Release|ARM.ActiveCfg = Release|Any CPU
		{BE07F41E-9F7D-4C4D-AF3B-289E94D8DF54}.Release|ARM.Build.0 = Release|Any CPU
		{BE07F41E-9F7D-4C4D-AF3B-289E94D8DF54}.Release|ARM.Deploy.0 = Release|Any CPU
		{BE07F41E-9F7D-4C4D-AF3B-289E94D8DF54}.Release|iPhone.ActiveCfg = Release|Any CPU
		{BE07F41E-9F7D-4C4D-AF3B-289E94D8DF54}.Release|iPhone.Build.0 = Release|Any CPU
		{BE07F41E-9F7D-4C4D-AF3B-289E94D8DF54}.Release|iPhone.Deploy.0 = Release|Any CPU
		{BE07F41E-9F7D-4C4D-AF3B-289E94D8DF54}.Release|iPhoneSimulator.ActiveCfg = Release|Any CPU
		{BE07F41E-9F7D-4C4D-AF3B-289E94D8DF54}.Release|iPhoneSimulator.Build.0 = Release|Any CPU
		{BE07F41E-9F7D-4C4D-AF3B-289E94D8DF54}.Release|iPhoneSimulator.Deploy.0 = Release|Any CPU
		{BE07F41E-9F7D-4C4D-AF3B-289E94D8DF54}.Release|x64.ActiveCfg = Release|Any CPU
		{BE07F41E-9F7D-4C4D-AF3B-289E94D8DF54}.Release|x64.Build.0 = Release|Any CPU
		{BE07F41E-9F7D-4C4D-AF3B-289E94D8DF54}.Release|x64.Deploy.0 = Release|Any CPU
		{BE07F41E-9F7D-4C4D-AF3B-289E94D8DF54}.Release|x86.ActiveCfg = Release|Any CPU
		{BE07F41E-9F7D-4C4D-AF3B-289E94D8DF54}.Release|x86.Build.0 = Release|Any CPU
		{BE07F41E-9F7D-4C4D-AF3B-289E94D8DF54}.Release|x86.Deploy.0 = Release|Any CPU
		{3153BBBB-1D28-4155-8AB9-61CEDB3ACFD9}.Debug|Any CPU.ActiveCfg = Debug|Any CPU
		{3153BBBB-1D28-4155-8AB9-61CEDB3ACFD9}.Debug|Any CPU.Build.0 = Debug|Any CPU
		{3153BBBB-1D28-4155-8AB9-61CEDB3ACFD9}.Debug|ARM.ActiveCfg = Debug|Any CPU
		{3153BBBB-1D28-4155-8AB9-61CEDB3ACFD9}.Debug|ARM.Build.0 = Debug|Any CPU
		{3153BBBB-1D28-4155-8AB9-61CEDB3ACFD9}.Debug|iPhone.ActiveCfg = Debug|Any CPU
		{3153BBBB-1D28-4155-8AB9-61CEDB3ACFD9}.Debug|iPhone.Build.0 = Debug|Any CPU
		{3153BBBB-1D28-4155-8AB9-61CEDB3ACFD9}.Debug|iPhoneSimulator.ActiveCfg = Debug|Any CPU
		{3153BBBB-1D28-4155-8AB9-61CEDB3ACFD9}.Debug|iPhoneSimulator.Build.0 = Debug|Any CPU
		{3153BBBB-1D28-4155-8AB9-61CEDB3ACFD9}.Debug|x64.ActiveCfg = Debug|Any CPU
		{3153BBBB-1D28-4155-8AB9-61CEDB3ACFD9}.Debug|x64.Build.0 = Debug|Any CPU
		{3153BBBB-1D28-4155-8AB9-61CEDB3ACFD9}.Debug|x86.ActiveCfg = Debug|Any CPU
		{3153BBBB-1D28-4155-8AB9-61CEDB3ACFD9}.Debug|x86.Build.0 = Debug|Any CPU
		{3153BBBB-1D28-4155-8AB9-61CEDB3ACFD9}.Release|Any CPU.ActiveCfg = Release|Any CPU
		{3153BBBB-1D28-4155-8AB9-61CEDB3ACFD9}.Release|Any CPU.Build.0 = Release|Any CPU
		{3153BBBB-1D28-4155-8AB9-61CEDB3ACFD9}.Release|ARM.ActiveCfg = Release|Any CPU
		{3153BBBB-1D28-4155-8AB9-61CEDB3ACFD9}.Release|ARM.Build.0 = Release|Any CPU
		{3153BBBB-1D28-4155-8AB9-61CEDB3ACFD9}.Release|iPhone.ActiveCfg = Release|Any CPU
		{3153BBBB-1D28-4155-8AB9-61CEDB3ACFD9}.Release|iPhone.Build.0 = Release|Any CPU
		{3153BBBB-1D28-4155-8AB9-61CEDB3ACFD9}.Release|iPhoneSimulator.ActiveCfg = Release|Any CPU
		{3153BBBB-1D28-4155-8AB9-61CEDB3ACFD9}.Release|iPhoneSimulator.Build.0 = Release|Any CPU
		{3153BBBB-1D28-4155-8AB9-61CEDB3ACFD9}.Release|x64.ActiveCfg = Release|Any CPU
		{3153BBBB-1D28-4155-8AB9-61CEDB3ACFD9}.Release|x64.Build.0 = Release|Any CPU
		{3153BBBB-1D28-4155-8AB9-61CEDB3ACFD9}.Release|x86.ActiveCfg = Release|Any CPU
		{3153BBBB-1D28-4155-8AB9-61CEDB3ACFD9}.Release|x86.Build.0 = Release|Any CPU
		{5B099BA6-12E8-403C-AA2F-BCD28702E50D}.Debug|Any CPU.ActiveCfg = Debug|x86
		{5B099BA6-12E8-403C-AA2F-BCD28702E50D}.Debug|ARM.ActiveCfg = Debug|ARM
		{5B099BA6-12E8-403C-AA2F-BCD28702E50D}.Debug|ARM.Build.0 = Debug|ARM
		{5B099BA6-12E8-403C-AA2F-BCD28702E50D}.Debug|ARM.Deploy.0 = Debug|ARM
		{5B099BA6-12E8-403C-AA2F-BCD28702E50D}.Debug|iPhone.ActiveCfg = Debug|x86
		{5B099BA6-12E8-403C-AA2F-BCD28702E50D}.Debug|iPhoneSimulator.ActiveCfg = Debug|x86
		{5B099BA6-12E8-403C-AA2F-BCD28702E50D}.Debug|x64.ActiveCfg = Debug|x64
		{5B099BA6-12E8-403C-AA2F-BCD28702E50D}.Debug|x64.Build.0 = Debug|x64
		{5B099BA6-12E8-403C-AA2F-BCD28702E50D}.Debug|x64.Deploy.0 = Debug|x64
		{5B099BA6-12E8-403C-AA2F-BCD28702E50D}.Debug|x86.ActiveCfg = Debug|x86
		{5B099BA6-12E8-403C-AA2F-BCD28702E50D}.Debug|x86.Build.0 = Debug|x86
		{5B099BA6-12E8-403C-AA2F-BCD28702E50D}.Debug|x86.Deploy.0 = Debug|x86
		{5B099BA6-12E8-403C-AA2F-BCD28702E50D}.Release|Any CPU.ActiveCfg = Release|x86
		{5B099BA6-12E8-403C-AA2F-BCD28702E50D}.Release|ARM.ActiveCfg = Release|ARM
		{5B099BA6-12E8-403C-AA2F-BCD28702E50D}.Release|ARM.Build.0 = Release|ARM
		{5B099BA6-12E8-403C-AA2F-BCD28702E50D}.Release|ARM.Deploy.0 = Release|ARM
		{5B099BA6-12E8-403C-AA2F-BCD28702E50D}.Release|iPhone.ActiveCfg = Release|x86
		{5B099BA6-12E8-403C-AA2F-BCD28702E50D}.Release|iPhoneSimulator.ActiveCfg = Release|x86
		{5B099BA6-12E8-403C-AA2F-BCD28702E50D}.Release|x64.ActiveCfg = Release|x64
		{5B099BA6-12E8-403C-AA2F-BCD28702E50D}.Release|x64.Build.0 = Release|x64
		{5B099BA6-12E8-403C-AA2F-BCD28702E50D}.Release|x64.Deploy.0 = Release|x64
		{5B099BA6-12E8-403C-AA2F-BCD28702E50D}.Release|x86.ActiveCfg = Release|x86
		{5B099BA6-12E8-403C-AA2F-BCD28702E50D}.Release|x86.Build.0 = Release|x86
		{5B099BA6-12E8-403C-AA2F-BCD28702E50D}.Release|x86.Deploy.0 = Release|x86
		{151FB5BE-DA8D-46FD-A682-7E41B2A128CD}.Debug|Any CPU.ActiveCfg = Debug|Any CPU
		{151FB5BE-DA8D-46FD-A682-7E41B2A128CD}.Debug|Any CPU.Build.0 = Debug|Any CPU
		{151FB5BE-DA8D-46FD-A682-7E41B2A128CD}.Debug|Any CPU.Deploy.0 = Debug|Any CPU
		{151FB5BE-DA8D-46FD-A682-7E41B2A128CD}.Debug|ARM.ActiveCfg = Debug|Any CPU
		{151FB5BE-DA8D-46FD-A682-7E41B2A128CD}.Debug|ARM.Build.0 = Debug|Any CPU
		{151FB5BE-DA8D-46FD-A682-7E41B2A128CD}.Debug|ARM.Deploy.0 = Debug|Any CPU
		{151FB5BE-DA8D-46FD-A682-7E41B2A128CD}.Debug|iPhone.ActiveCfg = Debug|Any CPU
		{151FB5BE-DA8D-46FD-A682-7E41B2A128CD}.Debug|iPhone.Build.0 = Debug|Any CPU
		{151FB5BE-DA8D-46FD-A682-7E41B2A128CD}.Debug|iPhone.Deploy.0 = Debug|Any CPU
		{151FB5BE-DA8D-46FD-A682-7E41B2A128CD}.Debug|iPhoneSimulator.ActiveCfg = Debug|Any CPU
		{151FB5BE-DA8D-46FD-A682-7E41B2A128CD}.Debug|iPhoneSimulator.Build.0 = Debug|Any CPU
		{151FB5BE-DA8D-46FD-A682-7E41B2A128CD}.Debug|iPhoneSimulator.Deploy.0 = Debug|Any CPU
		{151FB5BE-DA8D-46FD-A682-7E41B2A128CD}.Debug|x64.ActiveCfg = Debug|Any CPU
		{151FB5BE-DA8D-46FD-A682-7E41B2A128CD}.Debug|x64.Build.0 = Debug|Any CPU
		{151FB5BE-DA8D-46FD-A682-7E41B2A128CD}.Debug|x64.Deploy.0 = Debug|Any CPU
		{151FB5BE-DA8D-46FD-A682-7E41B2A128CD}.Debug|x86.ActiveCfg = Debug|Any CPU
		{151FB5BE-DA8D-46FD-A682-7E41B2A128CD}.Debug|x86.Build.0 = Debug|Any CPU
		{151FB5BE-DA8D-46FD-A682-7E41B2A128CD}.Debug|x86.Deploy.0 = Debug|Any CPU
		{151FB5BE-DA8D-46FD-A682-7E41B2A128CD}.Release|Any CPU.ActiveCfg = Release|Any CPU
		{151FB5BE-DA8D-46FD-A682-7E41B2A128CD}.Release|Any CPU.Build.0 = Release|Any CPU
		{151FB5BE-DA8D-46FD-A682-7E41B2A128CD}.Release|Any CPU.Deploy.0 = Release|Any CPU
		{151FB5BE-DA8D-46FD-A682-7E41B2A128CD}.Release|ARM.ActiveCfg = Release|Any CPU
		{151FB5BE-DA8D-46FD-A682-7E41B2A128CD}.Release|ARM.Build.0 = Release|Any CPU
		{151FB5BE-DA8D-46FD-A682-7E41B2A128CD}.Release|ARM.Deploy.0 = Release|Any CPU
		{151FB5BE-DA8D-46FD-A682-7E41B2A128CD}.Release|iPhone.ActiveCfg = Release|Any CPU
		{151FB5BE-DA8D-46FD-A682-7E41B2A128CD}.Release|iPhone.Build.0 = Release|Any CPU
		{151FB5BE-DA8D-46FD-A682-7E41B2A128CD}.Release|iPhone.Deploy.0 = Release|Any CPU
		{151FB5BE-DA8D-46FD-A682-7E41B2A128CD}.Release|iPhoneSimulator.ActiveCfg = Release|Any CPU
		{151FB5BE-DA8D-46FD-A682-7E41B2A128CD}.Release|iPhoneSimulator.Build.0 = Release|Any CPU
		{151FB5BE-DA8D-46FD-A682-7E41B2A128CD}.Release|iPhoneSimulator.Deploy.0 = Release|Any CPU
		{151FB5BE-DA8D-46FD-A682-7E41B2A128CD}.Release|x64.ActiveCfg = Release|Any CPU
		{151FB5BE-DA8D-46FD-A682-7E41B2A128CD}.Release|x64.Build.0 = Release|Any CPU
		{151FB5BE-DA8D-46FD-A682-7E41B2A128CD}.Release|x64.Deploy.0 = Release|Any CPU
		{151FB5BE-DA8D-46FD-A682-7E41B2A128CD}.Release|x86.ActiveCfg = Release|Any CPU
		{151FB5BE-DA8D-46FD-A682-7E41B2A128CD}.Release|x86.Build.0 = Release|Any CPU
		{151FB5BE-DA8D-46FD-A682-7E41B2A128CD}.Release|x86.Deploy.0 = Release|Any CPU
		{D179FE4B-9298-453C-B507-E2F1B354AD74}.Debug|Any CPU.ActiveCfg = Debug|Any CPU
		{D179FE4B-9298-453C-B507-E2F1B354AD74}.Debug|Any CPU.Build.0 = Debug|Any CPU
		{D179FE4B-9298-453C-B507-E2F1B354AD74}.Debug|ARM.ActiveCfg = Debug|Any CPU
		{D179FE4B-9298-453C-B507-E2F1B354AD74}.Debug|ARM.Build.0 = Debug|Any CPU
		{D179FE4B-9298-453C-B507-E2F1B354AD74}.Debug|iPhone.ActiveCfg = Debug|Any CPU
		{D179FE4B-9298-453C-B507-E2F1B354AD74}.Debug|iPhone.Build.0 = Debug|Any CPU
		{D179FE4B-9298-453C-B507-E2F1B354AD74}.Debug|iPhoneSimulator.ActiveCfg = Debug|Any CPU
		{D179FE4B-9298-453C-B507-E2F1B354AD74}.Debug|iPhoneSimulator.Build.0 = Debug|Any CPU
		{D179FE4B-9298-453C-B507-E2F1B354AD74}.Debug|x64.ActiveCfg = Debug|Any CPU
		{D179FE4B-9298-453C-B507-E2F1B354AD74}.Debug|x64.Build.0 = Debug|Any CPU
		{D179FE4B-9298-453C-B507-E2F1B354AD74}.Debug|x86.ActiveCfg = Debug|Any CPU
		{D179FE4B-9298-453C-B507-E2F1B354AD74}.Debug|x86.Build.0 = Debug|Any CPU
		{D179FE4B-9298-453C-B507-E2F1B354AD74}.Release|Any CPU.ActiveCfg = Release|Any CPU
		{D179FE4B-9298-453C-B507-E2F1B354AD74}.Release|Any CPU.Build.0 = Release|Any CPU
		{D179FE4B-9298-453C-B507-E2F1B354AD74}.Release|ARM.ActiveCfg = Release|Any CPU
		{D179FE4B-9298-453C-B507-E2F1B354AD74}.Release|ARM.Build.0 = Release|Any CPU
		{D179FE4B-9298-453C-B507-E2F1B354AD74}.Release|iPhone.ActiveCfg = Release|Any CPU
		{D179FE4B-9298-453C-B507-E2F1B354AD74}.Release|iPhone.Build.0 = Release|Any CPU
		{D179FE4B-9298-453C-B507-E2F1B354AD74}.Release|iPhoneSimulator.ActiveCfg = Release|Any CPU
		{D179FE4B-9298-453C-B507-E2F1B354AD74}.Release|iPhoneSimulator.Build.0 = Release|Any CPU
		{D179FE4B-9298-453C-B507-E2F1B354AD74}.Release|x64.ActiveCfg = Release|Any CPU
		{D179FE4B-9298-453C-B507-E2F1B354AD74}.Release|x64.Build.0 = Release|Any CPU
		{D179FE4B-9298-453C-B507-E2F1B354AD74}.Release|x86.ActiveCfg = Release|Any CPU
		{D179FE4B-9298-453C-B507-E2F1B354AD74}.Release|x86.Build.0 = Release|Any CPU
		{2F6ED4BE-727D-4EB1-94A1-81D463806891}.Debug|Any CPU.ActiveCfg = Debug|x86
		{2F6ED4BE-727D-4EB1-94A1-81D463806891}.Debug|ARM.ActiveCfg = Debug|ARM
		{2F6ED4BE-727D-4EB1-94A1-81D463806891}.Debug|ARM.Build.0 = Debug|ARM
		{2F6ED4BE-727D-4EB1-94A1-81D463806891}.Debug|ARM.Deploy.0 = Debug|ARM
		{2F6ED4BE-727D-4EB1-94A1-81D463806891}.Debug|iPhone.ActiveCfg = Debug|x86
		{2F6ED4BE-727D-4EB1-94A1-81D463806891}.Debug|iPhoneSimulator.ActiveCfg = Debug|x86
		{2F6ED4BE-727D-4EB1-94A1-81D463806891}.Debug|x64.ActiveCfg = Debug|x64
		{2F6ED4BE-727D-4EB1-94A1-81D463806891}.Debug|x64.Build.0 = Debug|x64
		{2F6ED4BE-727D-4EB1-94A1-81D463806891}.Debug|x64.Deploy.0 = Debug|x64
		{2F6ED4BE-727D-4EB1-94A1-81D463806891}.Debug|x86.ActiveCfg = Debug|x86
		{2F6ED4BE-727D-4EB1-94A1-81D463806891}.Debug|x86.Build.0 = Debug|x86
		{2F6ED4BE-727D-4EB1-94A1-81D463806891}.Debug|x86.Deploy.0 = Debug|x86
		{2F6ED4BE-727D-4EB1-94A1-81D463806891}.Release|Any CPU.ActiveCfg = Release|x86
		{2F6ED4BE-727D-4EB1-94A1-81D463806891}.Release|ARM.ActiveCfg = Release|ARM
		{2F6ED4BE-727D-4EB1-94A1-81D463806891}.Release|ARM.Build.0 = Release|ARM
		{2F6ED4BE-727D-4EB1-94A1-81D463806891}.Release|ARM.Deploy.0 = Release|ARM
		{2F6ED4BE-727D-4EB1-94A1-81D463806891}.Release|iPhone.ActiveCfg = Release|x86
		{2F6ED4BE-727D-4EB1-94A1-81D463806891}.Release|iPhoneSimulator.ActiveCfg = Release|x86
		{2F6ED4BE-727D-4EB1-94A1-81D463806891}.Release|x64.ActiveCfg = Release|x64
		{2F6ED4BE-727D-4EB1-94A1-81D463806891}.Release|x64.Build.0 = Release|x64
		{2F6ED4BE-727D-4EB1-94A1-81D463806891}.Release|x64.Deploy.0 = Release|x64
		{2F6ED4BE-727D-4EB1-94A1-81D463806891}.Release|x86.ActiveCfg = Release|x86
		{2F6ED4BE-727D-4EB1-94A1-81D463806891}.Release|x86.Build.0 = Release|x86
		{2F6ED4BE-727D-4EB1-94A1-81D463806891}.Release|x86.Deploy.0 = Release|x86
		{E7CBF648-13C8-4058-A2C2-CC6D0402166F}.Debug|Any CPU.ActiveCfg = Debug|Any CPU
		{E7CBF648-13C8-4058-A2C2-CC6D0402166F}.Debug|Any CPU.Build.0 = Debug|Any CPU
		{E7CBF648-13C8-4058-A2C2-CC6D0402166F}.Debug|Any CPU.Deploy.0 = Debug|Any CPU
		{E7CBF648-13C8-4058-A2C2-CC6D0402166F}.Debug|ARM.ActiveCfg = Debug|Any CPU
		{E7CBF648-13C8-4058-A2C2-CC6D0402166F}.Debug|ARM.Build.0 = Debug|Any CPU
		{E7CBF648-13C8-4058-A2C2-CC6D0402166F}.Debug|ARM.Deploy.0 = Debug|Any CPU
		{E7CBF648-13C8-4058-A2C2-CC6D0402166F}.Debug|iPhone.ActiveCfg = Debug|Any CPU
		{E7CBF648-13C8-4058-A2C2-CC6D0402166F}.Debug|iPhone.Build.0 = Debug|Any CPU
		{E7CBF648-13C8-4058-A2C2-CC6D0402166F}.Debug|iPhone.Deploy.0 = Debug|Any CPU
		{E7CBF648-13C8-4058-A2C2-CC6D0402166F}.Debug|iPhoneSimulator.ActiveCfg = Debug|Any CPU
		{E7CBF648-13C8-4058-A2C2-CC6D0402166F}.Debug|iPhoneSimulator.Build.0 = Debug|Any CPU
		{E7CBF648-13C8-4058-A2C2-CC6D0402166F}.Debug|iPhoneSimulator.Deploy.0 = Debug|Any CPU
		{E7CBF648-13C8-4058-A2C2-CC6D0402166F}.Debug|x64.ActiveCfg = Debug|Any CPU
		{E7CBF648-13C8-4058-A2C2-CC6D0402166F}.Debug|x64.Build.0 = Debug|Any CPU
		{E7CBF648-13C8-4058-A2C2-CC6D0402166F}.Debug|x64.Deploy.0 = Debug|Any CPU
		{E7CBF648-13C8-4058-A2C2-CC6D0402166F}.Debug|x86.ActiveCfg = Debug|Any CPU
		{E7CBF648-13C8-4058-A2C2-CC6D0402166F}.Debug|x86.Build.0 = Debug|Any CPU
		{E7CBF648-13C8-4058-A2C2-CC6D0402166F}.Debug|x86.Deploy.0 = Debug|Any CPU
		{E7CBF648-13C8-4058-A2C2-CC6D0402166F}.Release|Any CPU.ActiveCfg = Release|Any CPU
		{E7CBF648-13C8-4058-A2C2-CC6D0402166F}.Release|Any CPU.Build.0 = Release|Any CPU
		{E7CBF648-13C8-4058-A2C2-CC6D0402166F}.Release|Any CPU.Deploy.0 = Release|Any CPU
		{E7CBF648-13C8-4058-A2C2-CC6D0402166F}.Release|ARM.ActiveCfg = Release|Any CPU
		{E7CBF648-13C8-4058-A2C2-CC6D0402166F}.Release|ARM.Build.0 = Release|Any CPU
		{E7CBF648-13C8-4058-A2C2-CC6D0402166F}.Release|ARM.Deploy.0 = Release|Any CPU
		{E7CBF648-13C8-4058-A2C2-CC6D0402166F}.Release|iPhone.ActiveCfg = Release|Any CPU
		{E7CBF648-13C8-4058-A2C2-CC6D0402166F}.Release|iPhone.Build.0 = Release|Any CPU
		{E7CBF648-13C8-4058-A2C2-CC6D0402166F}.Release|iPhone.Deploy.0 = Release|Any CPU
		{E7CBF648-13C8-4058-A2C2-CC6D0402166F}.Release|iPhoneSimulator.ActiveCfg = Release|Any CPU
		{E7CBF648-13C8-4058-A2C2-CC6D0402166F}.Release|iPhoneSimulator.Build.0 = Release|Any CPU
		{E7CBF648-13C8-4058-A2C2-CC6D0402166F}.Release|iPhoneSimulator.Deploy.0 = Release|Any CPU
		{E7CBF648-13C8-4058-A2C2-CC6D0402166F}.Release|x64.ActiveCfg = Release|Any CPU
		{E7CBF648-13C8-4058-A2C2-CC6D0402166F}.Release|x64.Build.0 = Release|Any CPU
		{E7CBF648-13C8-4058-A2C2-CC6D0402166F}.Release|x64.Deploy.0 = Release|Any CPU
		{E7CBF648-13C8-4058-A2C2-CC6D0402166F}.Release|x86.ActiveCfg = Release|Any CPU
		{E7CBF648-13C8-4058-A2C2-CC6D0402166F}.Release|x86.Build.0 = Release|Any CPU
		{E7CBF648-13C8-4058-A2C2-CC6D0402166F}.Release|x86.Deploy.0 = Release|Any CPU
		{AECC5AFE-B593-457F-9A37-8D17C11504E3}.Debug|Any CPU.ActiveCfg = Debug|Any CPU
		{AECC5AFE-B593-457F-9A37-8D17C11504E3}.Debug|Any CPU.Build.0 = Debug|Any CPU
		{AECC5AFE-B593-457F-9A37-8D17C11504E3}.Debug|ARM.ActiveCfg = Debug|Any CPU
		{AECC5AFE-B593-457F-9A37-8D17C11504E3}.Debug|ARM.Build.0 = Debug|Any CPU
		{AECC5AFE-B593-457F-9A37-8D17C11504E3}.Debug|iPhone.ActiveCfg = Debug|Any CPU
		{AECC5AFE-B593-457F-9A37-8D17C11504E3}.Debug|iPhone.Build.0 = Debug|Any CPU
		{AECC5AFE-B593-457F-9A37-8D17C11504E3}.Debug|iPhoneSimulator.ActiveCfg = Debug|Any CPU
		{AECC5AFE-B593-457F-9A37-8D17C11504E3}.Debug|iPhoneSimulator.Build.0 = Debug|Any CPU
		{AECC5AFE-B593-457F-9A37-8D17C11504E3}.Debug|x64.ActiveCfg = Debug|Any CPU
		{AECC5AFE-B593-457F-9A37-8D17C11504E3}.Debug|x64.Build.0 = Debug|Any CPU
		{AECC5AFE-B593-457F-9A37-8D17C11504E3}.Debug|x86.ActiveCfg = Debug|Any CPU
		{AECC5AFE-B593-457F-9A37-8D17C11504E3}.Debug|x86.Build.0 = Debug|Any CPU
		{AECC5AFE-B593-457F-9A37-8D17C11504E3}.Release|Any CPU.ActiveCfg = Release|Any CPU
		{AECC5AFE-B593-457F-9A37-8D17C11504E3}.Release|Any CPU.Build.0 = Release|Any CPU
		{AECC5AFE-B593-457F-9A37-8D17C11504E3}.Release|ARM.ActiveCfg = Release|Any CPU
		{AECC5AFE-B593-457F-9A37-8D17C11504E3}.Release|ARM.Build.0 = Release|Any CPU
		{AECC5AFE-B593-457F-9A37-8D17C11504E3}.Release|iPhone.ActiveCfg = Release|Any CPU
		{AECC5AFE-B593-457F-9A37-8D17C11504E3}.Release|iPhone.Build.0 = Release|Any CPU
		{AECC5AFE-B593-457F-9A37-8D17C11504E3}.Release|iPhoneSimulator.ActiveCfg = Release|Any CPU
		{AECC5AFE-B593-457F-9A37-8D17C11504E3}.Release|iPhoneSimulator.Build.0 = Release|Any CPU
		{AECC5AFE-B593-457F-9A37-8D17C11504E3}.Release|x64.ActiveCfg = Release|Any CPU
		{AECC5AFE-B593-457F-9A37-8D17C11504E3}.Release|x64.Build.0 = Release|Any CPU
		{AECC5AFE-B593-457F-9A37-8D17C11504E3}.Release|x86.ActiveCfg = Release|Any CPU
		{AECC5AFE-B593-457F-9A37-8D17C11504E3}.Release|x86.Build.0 = Release|Any CPU
		{D26379B1-6DF7-4825-B054-238D0786ADF3}.Debug|Any CPU.ActiveCfg = Debug|x86
		{D26379B1-6DF7-4825-B054-238D0786ADF3}.Debug|ARM.ActiveCfg = Debug|ARM
		{D26379B1-6DF7-4825-B054-238D0786ADF3}.Debug|ARM.Build.0 = Debug|ARM
		{D26379B1-6DF7-4825-B054-238D0786ADF3}.Debug|ARM.Deploy.0 = Debug|ARM
		{D26379B1-6DF7-4825-B054-238D0786ADF3}.Debug|iPhone.ActiveCfg = Debug|x86
		{D26379B1-6DF7-4825-B054-238D0786ADF3}.Debug|iPhoneSimulator.ActiveCfg = Debug|x86
		{D26379B1-6DF7-4825-B054-238D0786ADF3}.Debug|x64.ActiveCfg = Debug|x64
		{D26379B1-6DF7-4825-B054-238D0786ADF3}.Debug|x64.Build.0 = Debug|x64
		{D26379B1-6DF7-4825-B054-238D0786ADF3}.Debug|x64.Deploy.0 = Debug|x64
		{D26379B1-6DF7-4825-B054-238D0786ADF3}.Debug|x86.ActiveCfg = Debug|x86
		{D26379B1-6DF7-4825-B054-238D0786ADF3}.Debug|x86.Build.0 = Debug|x86
		{D26379B1-6DF7-4825-B054-238D0786ADF3}.Debug|x86.Deploy.0 = Debug|x86
		{D26379B1-6DF7-4825-B054-238D0786ADF3}.Release|Any CPU.ActiveCfg = Release|x86
		{D26379B1-6DF7-4825-B054-238D0786ADF3}.Release|ARM.ActiveCfg = Release|ARM
		{D26379B1-6DF7-4825-B054-238D0786ADF3}.Release|ARM.Build.0 = Release|ARM
		{D26379B1-6DF7-4825-B054-238D0786ADF3}.Release|ARM.Deploy.0 = Release|ARM
		{D26379B1-6DF7-4825-B054-238D0786ADF3}.Release|iPhone.ActiveCfg = Release|x86
		{D26379B1-6DF7-4825-B054-238D0786ADF3}.Release|iPhoneSimulator.ActiveCfg = Release|x86
		{D26379B1-6DF7-4825-B054-238D0786ADF3}.Release|x64.ActiveCfg = Release|x64
		{D26379B1-6DF7-4825-B054-238D0786ADF3}.Release|x64.Build.0 = Release|x64
		{D26379B1-6DF7-4825-B054-238D0786ADF3}.Release|x64.Deploy.0 = Release|x64
		{D26379B1-6DF7-4825-B054-238D0786ADF3}.Release|x86.ActiveCfg = Release|x86
		{D26379B1-6DF7-4825-B054-238D0786ADF3}.Release|x86.Build.0 = Release|x86
		{D26379B1-6DF7-4825-B054-238D0786ADF3}.Release|x86.Deploy.0 = Release|x86
		{EBAF30D0-C56C-4055-ACBA-4A2027CF7285}.Debug|Any CPU.ActiveCfg = Debug|Any CPU
		{EBAF30D0-C56C-4055-ACBA-4A2027CF7285}.Debug|Any CPU.Build.0 = Debug|Any CPU
		{EBAF30D0-C56C-4055-ACBA-4A2027CF7285}.Debug|Any CPU.Deploy.0 = Debug|Any CPU
		{EBAF30D0-C56C-4055-ACBA-4A2027CF7285}.Debug|ARM.ActiveCfg = Debug|Any CPU
		{EBAF30D0-C56C-4055-ACBA-4A2027CF7285}.Debug|ARM.Build.0 = Debug|Any CPU
		{EBAF30D0-C56C-4055-ACBA-4A2027CF7285}.Debug|ARM.Deploy.0 = Debug|Any CPU
		{EBAF30D0-C56C-4055-ACBA-4A2027CF7285}.Debug|iPhone.ActiveCfg = Debug|Any CPU
		{EBAF30D0-C56C-4055-ACBA-4A2027CF7285}.Debug|iPhone.Build.0 = Debug|Any CPU
		{EBAF30D0-C56C-4055-ACBA-4A2027CF7285}.Debug|iPhone.Deploy.0 = Debug|Any CPU
		{EBAF30D0-C56C-4055-ACBA-4A2027CF7285}.Debug|iPhoneSimulator.ActiveCfg = Debug|Any CPU
		{EBAF30D0-C56C-4055-ACBA-4A2027CF7285}.Debug|iPhoneSimulator.Build.0 = Debug|Any CPU
		{EBAF30D0-C56C-4055-ACBA-4A2027CF7285}.Debug|iPhoneSimulator.Deploy.0 = Debug|Any CPU
		{EBAF30D0-C56C-4055-ACBA-4A2027CF7285}.Debug|x64.ActiveCfg = Debug|Any CPU
		{EBAF30D0-C56C-4055-ACBA-4A2027CF7285}.Debug|x64.Build.0 = Debug|Any CPU
		{EBAF30D0-C56C-4055-ACBA-4A2027CF7285}.Debug|x64.Deploy.0 = Debug|Any CPU
		{EBAF30D0-C56C-4055-ACBA-4A2027CF7285}.Debug|x86.ActiveCfg = Debug|Any CPU
		{EBAF30D0-C56C-4055-ACBA-4A2027CF7285}.Debug|x86.Build.0 = Debug|Any CPU
		{EBAF30D0-C56C-4055-ACBA-4A2027CF7285}.Debug|x86.Deploy.0 = Debug|Any CPU
		{EBAF30D0-C56C-4055-ACBA-4A2027CF7285}.Release|Any CPU.ActiveCfg = Release|Any CPU
		{EBAF30D0-C56C-4055-ACBA-4A2027CF7285}.Release|Any CPU.Build.0 = Release|Any CPU
		{EBAF30D0-C56C-4055-ACBA-4A2027CF7285}.Release|Any CPU.Deploy.0 = Release|Any CPU
		{EBAF30D0-C56C-4055-ACBA-4A2027CF7285}.Release|ARM.ActiveCfg = Release|Any CPU
		{EBAF30D0-C56C-4055-ACBA-4A2027CF7285}.Release|ARM.Build.0 = Release|Any CPU
		{EBAF30D0-C56C-4055-ACBA-4A2027CF7285}.Release|ARM.Deploy.0 = Release|Any CPU
		{EBAF30D0-C56C-4055-ACBA-4A2027CF7285}.Release|iPhone.ActiveCfg = Release|Any CPU
		{EBAF30D0-C56C-4055-ACBA-4A2027CF7285}.Release|iPhone.Build.0 = Release|Any CPU
		{EBAF30D0-C56C-4055-ACBA-4A2027CF7285}.Release|iPhone.Deploy.0 = Release|Any CPU
		{EBAF30D0-C56C-4055-ACBA-4A2027CF7285}.Release|iPhoneSimulator.ActiveCfg = Release|Any CPU
		{EBAF30D0-C56C-4055-ACBA-4A2027CF7285}.Release|iPhoneSimulator.Build.0 = Release|Any CPU
		{EBAF30D0-C56C-4055-ACBA-4A2027CF7285}.Release|iPhoneSimulator.Deploy.0 = Release|Any CPU
		{EBAF30D0-C56C-4055-ACBA-4A2027CF7285}.Release|x64.ActiveCfg = Release|Any CPU
		{EBAF30D0-C56C-4055-ACBA-4A2027CF7285}.Release|x64.Build.0 = Release|Any CPU
		{EBAF30D0-C56C-4055-ACBA-4A2027CF7285}.Release|x64.Deploy.0 = Release|Any CPU
		{EBAF30D0-C56C-4055-ACBA-4A2027CF7285}.Release|x86.ActiveCfg = Release|Any CPU
		{EBAF30D0-C56C-4055-ACBA-4A2027CF7285}.Release|x86.Build.0 = Release|Any CPU
		{EBAF30D0-C56C-4055-ACBA-4A2027CF7285}.Release|x86.Deploy.0 = Release|Any CPU
		{D6745A76-B2C1-454A-B406-BF20D648ADD0}.Debug|Any CPU.ActiveCfg = Debug|Any CPU
		{D6745A76-B2C1-454A-B406-BF20D648ADD0}.Debug|Any CPU.Build.0 = Debug|Any CPU
		{D6745A76-B2C1-454A-B406-BF20D648ADD0}.Debug|ARM.ActiveCfg = Debug|Any CPU
		{D6745A76-B2C1-454A-B406-BF20D648ADD0}.Debug|ARM.Build.0 = Debug|Any CPU
		{D6745A76-B2C1-454A-B406-BF20D648ADD0}.Debug|iPhone.ActiveCfg = Debug|Any CPU
		{D6745A76-B2C1-454A-B406-BF20D648ADD0}.Debug|iPhone.Build.0 = Debug|Any CPU
		{D6745A76-B2C1-454A-B406-BF20D648ADD0}.Debug|iPhoneSimulator.ActiveCfg = Debug|Any CPU
		{D6745A76-B2C1-454A-B406-BF20D648ADD0}.Debug|iPhoneSimulator.Build.0 = Debug|Any CPU
		{D6745A76-B2C1-454A-B406-BF20D648ADD0}.Debug|x64.ActiveCfg = Debug|Any CPU
		{D6745A76-B2C1-454A-B406-BF20D648ADD0}.Debug|x64.Build.0 = Debug|Any CPU
		{D6745A76-B2C1-454A-B406-BF20D648ADD0}.Debug|x86.ActiveCfg = Debug|Any CPU
		{D6745A76-B2C1-454A-B406-BF20D648ADD0}.Debug|x86.Build.0 = Debug|Any CPU
		{D6745A76-B2C1-454A-B406-BF20D648ADD0}.Release|Any CPU.ActiveCfg = Release|Any CPU
		{D6745A76-B2C1-454A-B406-BF20D648ADD0}.Release|Any CPU.Build.0 = Release|Any CPU
		{D6745A76-B2C1-454A-B406-BF20D648ADD0}.Release|ARM.ActiveCfg = Release|Any CPU
		{D6745A76-B2C1-454A-B406-BF20D648ADD0}.Release|ARM.Build.0 = Release|Any CPU
		{D6745A76-B2C1-454A-B406-BF20D648ADD0}.Release|iPhone.ActiveCfg = Release|Any CPU
		{D6745A76-B2C1-454A-B406-BF20D648ADD0}.Release|iPhone.Build.0 = Release|Any CPU
		{D6745A76-B2C1-454A-B406-BF20D648ADD0}.Release|iPhoneSimulator.ActiveCfg = Release|Any CPU
		{D6745A76-B2C1-454A-B406-BF20D648ADD0}.Release|iPhoneSimulator.Build.0 = Release|Any CPU
		{D6745A76-B2C1-454A-B406-BF20D648ADD0}.Release|x64.ActiveCfg = Release|Any CPU
		{D6745A76-B2C1-454A-B406-BF20D648ADD0}.Release|x64.Build.0 = Release|Any CPU
		{D6745A76-B2C1-454A-B406-BF20D648ADD0}.Release|x86.ActiveCfg = Release|Any CPU
		{D6745A76-B2C1-454A-B406-BF20D648ADD0}.Release|x86.Build.0 = Release|Any CPU
		{0E36C1BC-4F25-4A34-8529-3D1C9CEA9954}.Debug|Any CPU.ActiveCfg = Debug|x86
		{0E36C1BC-4F25-4A34-8529-3D1C9CEA9954}.Debug|ARM.ActiveCfg = Debug|ARM
		{0E36C1BC-4F25-4A34-8529-3D1C9CEA9954}.Debug|ARM.Build.0 = Debug|ARM
		{0E36C1BC-4F25-4A34-8529-3D1C9CEA9954}.Debug|ARM.Deploy.0 = Debug|ARM
		{0E36C1BC-4F25-4A34-8529-3D1C9CEA9954}.Debug|iPhone.ActiveCfg = Debug|x86
		{0E36C1BC-4F25-4A34-8529-3D1C9CEA9954}.Debug|iPhoneSimulator.ActiveCfg = Debug|x86
		{0E36C1BC-4F25-4A34-8529-3D1C9CEA9954}.Debug|x64.ActiveCfg = Debug|x64
		{0E36C1BC-4F25-4A34-8529-3D1C9CEA9954}.Debug|x64.Build.0 = Debug|x64
		{0E36C1BC-4F25-4A34-8529-3D1C9CEA9954}.Debug|x64.Deploy.0 = Debug|x64
		{0E36C1BC-4F25-4A34-8529-3D1C9CEA9954}.Debug|x86.ActiveCfg = Debug|x86
		{0E36C1BC-4F25-4A34-8529-3D1C9CEA9954}.Debug|x86.Build.0 = Debug|x86
		{0E36C1BC-4F25-4A34-8529-3D1C9CEA9954}.Debug|x86.Deploy.0 = Debug|x86
		{0E36C1BC-4F25-4A34-8529-3D1C9CEA9954}.Release|Any CPU.ActiveCfg = Release|x86
		{0E36C1BC-4F25-4A34-8529-3D1C9CEA9954}.Release|ARM.ActiveCfg = Release|ARM
		{0E36C1BC-4F25-4A34-8529-3D1C9CEA9954}.Release|ARM.Build.0 = Release|ARM
		{0E36C1BC-4F25-4A34-8529-3D1C9CEA9954}.Release|ARM.Deploy.0 = Release|ARM
		{0E36C1BC-4F25-4A34-8529-3D1C9CEA9954}.Release|iPhone.ActiveCfg = Release|x86
		{0E36C1BC-4F25-4A34-8529-3D1C9CEA9954}.Release|iPhoneSimulator.ActiveCfg = Release|x86
		{0E36C1BC-4F25-4A34-8529-3D1C9CEA9954}.Release|x64.ActiveCfg = Release|x64
		{0E36C1BC-4F25-4A34-8529-3D1C9CEA9954}.Release|x64.Build.0 = Release|x64
		{0E36C1BC-4F25-4A34-8529-3D1C9CEA9954}.Release|x64.Deploy.0 = Release|x64
		{0E36C1BC-4F25-4A34-8529-3D1C9CEA9954}.Release|x86.ActiveCfg = Release|x86
		{0E36C1BC-4F25-4A34-8529-3D1C9CEA9954}.Release|x86.Build.0 = Release|x86
		{0E36C1BC-4F25-4A34-8529-3D1C9CEA9954}.Release|x86.Deploy.0 = Release|x86
		{79B245C0-E69E-4B9C-936A-61379527B997}.Debug|Any CPU.ActiveCfg = Debug|Any CPU
		{79B245C0-E69E-4B9C-936A-61379527B997}.Debug|Any CPU.Build.0 = Debug|Any CPU
		{79B245C0-E69E-4B9C-936A-61379527B997}.Debug|Any CPU.Deploy.0 = Debug|Any CPU
		{79B245C0-E69E-4B9C-936A-61379527B997}.Debug|ARM.ActiveCfg = Debug|Any CPU
		{79B245C0-E69E-4B9C-936A-61379527B997}.Debug|ARM.Build.0 = Debug|Any CPU
		{79B245C0-E69E-4B9C-936A-61379527B997}.Debug|ARM.Deploy.0 = Debug|Any CPU
		{79B245C0-E69E-4B9C-936A-61379527B997}.Debug|iPhone.ActiveCfg = Debug|Any CPU
		{79B245C0-E69E-4B9C-936A-61379527B997}.Debug|iPhone.Build.0 = Debug|Any CPU
		{79B245C0-E69E-4B9C-936A-61379527B997}.Debug|iPhone.Deploy.0 = Debug|Any CPU
		{79B245C0-E69E-4B9C-936A-61379527B997}.Debug|iPhoneSimulator.ActiveCfg = Debug|Any CPU
		{79B245C0-E69E-4B9C-936A-61379527B997}.Debug|iPhoneSimulator.Build.0 = Debug|Any CPU
		{79B245C0-E69E-4B9C-936A-61379527B997}.Debug|iPhoneSimulator.Deploy.0 = Debug|Any CPU
		{79B245C0-E69E-4B9C-936A-61379527B997}.Debug|x64.ActiveCfg = Debug|Any CPU
		{79B245C0-E69E-4B9C-936A-61379527B997}.Debug|x64.Build.0 = Debug|Any CPU
		{79B245C0-E69E-4B9C-936A-61379527B997}.Debug|x64.Deploy.0 = Debug|Any CPU
		{79B245C0-E69E-4B9C-936A-61379527B997}.Debug|x86.ActiveCfg = Debug|Any CPU
		{79B245C0-E69E-4B9C-936A-61379527B997}.Debug|x86.Build.0 = Debug|Any CPU
		{79B245C0-E69E-4B9C-936A-61379527B997}.Debug|x86.Deploy.0 = Debug|Any CPU
		{79B245C0-E69E-4B9C-936A-61379527B997}.Release|Any CPU.ActiveCfg = Release|Any CPU
		{79B245C0-E69E-4B9C-936A-61379527B997}.Release|Any CPU.Build.0 = Release|Any CPU
		{79B245C0-E69E-4B9C-936A-61379527B997}.Release|Any CPU.Deploy.0 = Release|Any CPU
		{79B245C0-E69E-4B9C-936A-61379527B997}.Release|ARM.ActiveCfg = Release|Any CPU
		{79B245C0-E69E-4B9C-936A-61379527B997}.Release|ARM.Build.0 = Release|Any CPU
		{79B245C0-E69E-4B9C-936A-61379527B997}.Release|ARM.Deploy.0 = Release|Any CPU
		{79B245C0-E69E-4B9C-936A-61379527B997}.Release|iPhone.ActiveCfg = Release|Any CPU
		{79B245C0-E69E-4B9C-936A-61379527B997}.Release|iPhone.Build.0 = Release|Any CPU
		{79B245C0-E69E-4B9C-936A-61379527B997}.Release|iPhone.Deploy.0 = Release|Any CPU
		{79B245C0-E69E-4B9C-936A-61379527B997}.Release|iPhoneSimulator.ActiveCfg = Release|Any CPU
		{79B245C0-E69E-4B9C-936A-61379527B997}.Release|iPhoneSimulator.Build.0 = Release|Any CPU
		{79B245C0-E69E-4B9C-936A-61379527B997}.Release|iPhoneSimulator.Deploy.0 = Release|Any CPU
		{79B245C0-E69E-4B9C-936A-61379527B997}.Release|x64.ActiveCfg = Release|Any CPU
		{79B245C0-E69E-4B9C-936A-61379527B997}.Release|x64.Build.0 = Release|Any CPU
		{79B245C0-E69E-4B9C-936A-61379527B997}.Release|x64.Deploy.0 = Release|Any CPU
		{79B245C0-E69E-4B9C-936A-61379527B997}.Release|x86.ActiveCfg = Release|Any CPU
		{79B245C0-E69E-4B9C-936A-61379527B997}.Release|x86.Build.0 = Release|Any CPU
		{79B245C0-E69E-4B9C-936A-61379527B997}.Release|x86.Deploy.0 = Release|Any CPU
		{7969D17A-33BD-4A38-AA05-91E91A576889}.Debug|Any CPU.ActiveCfg = Debug|Any CPU
		{7969D17A-33BD-4A38-AA05-91E91A576889}.Debug|Any CPU.Build.0 = Debug|Any CPU
		{7969D17A-33BD-4A38-AA05-91E91A576889}.Debug|ARM.ActiveCfg = Debug|Any CPU
		{7969D17A-33BD-4A38-AA05-91E91A576889}.Debug|ARM.Build.0 = Debug|Any CPU
		{7969D17A-33BD-4A38-AA05-91E91A576889}.Debug|iPhone.ActiveCfg = Debug|Any CPU
		{7969D17A-33BD-4A38-AA05-91E91A576889}.Debug|iPhone.Build.0 = Debug|Any CPU
		{7969D17A-33BD-4A38-AA05-91E91A576889}.Debug|iPhoneSimulator.ActiveCfg = Debug|Any CPU
		{7969D17A-33BD-4A38-AA05-91E91A576889}.Debug|iPhoneSimulator.Build.0 = Debug|Any CPU
		{7969D17A-33BD-4A38-AA05-91E91A576889}.Debug|x64.ActiveCfg = Debug|Any CPU
		{7969D17A-33BD-4A38-AA05-91E91A576889}.Debug|x64.Build.0 = Debug|Any CPU
		{7969D17A-33BD-4A38-AA05-91E91A576889}.Debug|x86.ActiveCfg = Debug|Any CPU
		{7969D17A-33BD-4A38-AA05-91E91A576889}.Debug|x86.Build.0 = Debug|Any CPU
		{7969D17A-33BD-4A38-AA05-91E91A576889}.Release|Any CPU.ActiveCfg = Release|Any CPU
		{7969D17A-33BD-4A38-AA05-91E91A576889}.Release|Any CPU.Build.0 = Release|Any CPU
		{7969D17A-33BD-4A38-AA05-91E91A576889}.Release|ARM.ActiveCfg = Release|Any CPU
		{7969D17A-33BD-4A38-AA05-91E91A576889}.Release|ARM.Build.0 = Release|Any CPU
		{7969D17A-33BD-4A38-AA05-91E91A576889}.Release|iPhone.ActiveCfg = Release|Any CPU
		{7969D17A-33BD-4A38-AA05-91E91A576889}.Release|iPhone.Build.0 = Release|Any CPU
		{7969D17A-33BD-4A38-AA05-91E91A576889}.Release|iPhoneSimulator.ActiveCfg = Release|Any CPU
		{7969D17A-33BD-4A38-AA05-91E91A576889}.Release|iPhoneSimulator.Build.0 = Release|Any CPU
		{7969D17A-33BD-4A38-AA05-91E91A576889}.Release|x64.ActiveCfg = Release|Any CPU
		{7969D17A-33BD-4A38-AA05-91E91A576889}.Release|x64.Build.0 = Release|Any CPU
		{7969D17A-33BD-4A38-AA05-91E91A576889}.Release|x86.ActiveCfg = Release|Any CPU
		{7969D17A-33BD-4A38-AA05-91E91A576889}.Release|x86.Build.0 = Release|Any CPU
		{A2ED9602-F40C-4EF0-BD7F-1EC2EDD57DB1}.Debug|Any CPU.ActiveCfg = Debug|Any CPU
		{A2ED9602-F40C-4EF0-BD7F-1EC2EDD57DB1}.Debug|Any CPU.Build.0 = Debug|Any CPU
		{A2ED9602-F40C-4EF0-BD7F-1EC2EDD57DB1}.Debug|ARM.ActiveCfg = Debug|Any CPU
		{A2ED9602-F40C-4EF0-BD7F-1EC2EDD57DB1}.Debug|ARM.Build.0 = Debug|Any CPU
		{A2ED9602-F40C-4EF0-BD7F-1EC2EDD57DB1}.Debug|iPhone.ActiveCfg = Debug|Any CPU
		{A2ED9602-F40C-4EF0-BD7F-1EC2EDD57DB1}.Debug|iPhone.Build.0 = Debug|Any CPU
		{A2ED9602-F40C-4EF0-BD7F-1EC2EDD57DB1}.Debug|iPhoneSimulator.ActiveCfg = Debug|Any CPU
		{A2ED9602-F40C-4EF0-BD7F-1EC2EDD57DB1}.Debug|iPhoneSimulator.Build.0 = Debug|Any CPU
		{A2ED9602-F40C-4EF0-BD7F-1EC2EDD57DB1}.Debug|x64.ActiveCfg = Debug|Any CPU
		{A2ED9602-F40C-4EF0-BD7F-1EC2EDD57DB1}.Debug|x64.Build.0 = Debug|Any CPU
		{A2ED9602-F40C-4EF0-BD7F-1EC2EDD57DB1}.Debug|x86.ActiveCfg = Debug|Any CPU
		{A2ED9602-F40C-4EF0-BD7F-1EC2EDD57DB1}.Debug|x86.Build.0 = Debug|Any CPU
		{A2ED9602-F40C-4EF0-BD7F-1EC2EDD57DB1}.Release|Any CPU.ActiveCfg = Release|Any CPU
		{A2ED9602-F40C-4EF0-BD7F-1EC2EDD57DB1}.Release|Any CPU.Build.0 = Release|Any CPU
		{A2ED9602-F40C-4EF0-BD7F-1EC2EDD57DB1}.Release|ARM.ActiveCfg = Release|Any CPU
		{A2ED9602-F40C-4EF0-BD7F-1EC2EDD57DB1}.Release|ARM.Build.0 = Release|Any CPU
		{A2ED9602-F40C-4EF0-BD7F-1EC2EDD57DB1}.Release|iPhone.ActiveCfg = Release|Any CPU
		{A2ED9602-F40C-4EF0-BD7F-1EC2EDD57DB1}.Release|iPhone.Build.0 = Release|Any CPU
		{A2ED9602-F40C-4EF0-BD7F-1EC2EDD57DB1}.Release|iPhoneSimulator.ActiveCfg = Release|Any CPU
		{A2ED9602-F40C-4EF0-BD7F-1EC2EDD57DB1}.Release|iPhoneSimulator.Build.0 = Release|Any CPU
		{A2ED9602-F40C-4EF0-BD7F-1EC2EDD57DB1}.Release|x64.ActiveCfg = Release|Any CPU
		{A2ED9602-F40C-4EF0-BD7F-1EC2EDD57DB1}.Release|x64.Build.0 = Release|Any CPU
		{A2ED9602-F40C-4EF0-BD7F-1EC2EDD57DB1}.Release|x86.ActiveCfg = Release|Any CPU
		{A2ED9602-F40C-4EF0-BD7F-1EC2EDD57DB1}.Release|x86.Build.0 = Release|Any CPU
		{77D95F24-0C25-4FC1-8365-3D67DDAA74EE}.Debug|Any CPU.ActiveCfg = Debug|Any CPU
		{77D95F24-0C25-4FC1-8365-3D67DDAA74EE}.Debug|Any CPU.Build.0 = Debug|Any CPU
		{77D95F24-0C25-4FC1-8365-3D67DDAA74EE}.Debug|ARM.ActiveCfg = Debug|Any CPU
		{77D95F24-0C25-4FC1-8365-3D67DDAA74EE}.Debug|ARM.Build.0 = Debug|Any CPU
		{77D95F24-0C25-4FC1-8365-3D67DDAA74EE}.Debug|iPhone.ActiveCfg = Debug|Any CPU
		{77D95F24-0C25-4FC1-8365-3D67DDAA74EE}.Debug|iPhone.Build.0 = Debug|Any CPU
		{77D95F24-0C25-4FC1-8365-3D67DDAA74EE}.Debug|iPhoneSimulator.ActiveCfg = Debug|Any CPU
		{77D95F24-0C25-4FC1-8365-3D67DDAA74EE}.Debug|iPhoneSimulator.Build.0 = Debug|Any CPU
		{77D95F24-0C25-4FC1-8365-3D67DDAA74EE}.Debug|x64.ActiveCfg = Debug|Any CPU
		{77D95F24-0C25-4FC1-8365-3D67DDAA74EE}.Debug|x64.Build.0 = Debug|Any CPU
		{77D95F24-0C25-4FC1-8365-3D67DDAA74EE}.Debug|x86.ActiveCfg = Debug|Any CPU
		{77D95F24-0C25-4FC1-8365-3D67DDAA74EE}.Debug|x86.Build.0 = Debug|Any CPU
		{77D95F24-0C25-4FC1-8365-3D67DDAA74EE}.Release|Any CPU.ActiveCfg = Release|Any CPU
		{77D95F24-0C25-4FC1-8365-3D67DDAA74EE}.Release|Any CPU.Build.0 = Release|Any CPU
		{77D95F24-0C25-4FC1-8365-3D67DDAA74EE}.Release|ARM.ActiveCfg = Release|Any CPU
		{77D95F24-0C25-4FC1-8365-3D67DDAA74EE}.Release|ARM.Build.0 = Release|Any CPU
		{77D95F24-0C25-4FC1-8365-3D67DDAA74EE}.Release|iPhone.ActiveCfg = Release|Any CPU
		{77D95F24-0C25-4FC1-8365-3D67DDAA74EE}.Release|iPhone.Build.0 = Release|Any CPU
		{77D95F24-0C25-4FC1-8365-3D67DDAA74EE}.Release|iPhoneSimulator.ActiveCfg = Release|Any CPU
		{77D95F24-0C25-4FC1-8365-3D67DDAA74EE}.Release|iPhoneSimulator.Build.0 = Release|Any CPU
		{77D95F24-0C25-4FC1-8365-3D67DDAA74EE}.Release|x64.ActiveCfg = Release|Any CPU
		{77D95F24-0C25-4FC1-8365-3D67DDAA74EE}.Release|x64.Build.0 = Release|Any CPU
		{77D95F24-0C25-4FC1-8365-3D67DDAA74EE}.Release|x86.ActiveCfg = Release|Any CPU
		{77D95F24-0C25-4FC1-8365-3D67DDAA74EE}.Release|x86.Build.0 = Release|Any CPU
		{A4051445-357E-42C4-9292-F53A67451CA2}.Debug|Any CPU.ActiveCfg = Debug|x86
		{A4051445-357E-42C4-9292-F53A67451CA2}.Debug|ARM.ActiveCfg = Debug|ARM
		{A4051445-357E-42C4-9292-F53A67451CA2}.Debug|ARM.Build.0 = Debug|ARM
		{A4051445-357E-42C4-9292-F53A67451CA2}.Debug|ARM.Deploy.0 = Debug|ARM
		{A4051445-357E-42C4-9292-F53A67451CA2}.Debug|iPhone.ActiveCfg = Debug|x86
		{A4051445-357E-42C4-9292-F53A67451CA2}.Debug|iPhoneSimulator.ActiveCfg = Debug|x86
		{A4051445-357E-42C4-9292-F53A67451CA2}.Debug|x64.ActiveCfg = Debug|x64
		{A4051445-357E-42C4-9292-F53A67451CA2}.Debug|x64.Build.0 = Debug|x64
		{A4051445-357E-42C4-9292-F53A67451CA2}.Debug|x64.Deploy.0 = Debug|x64
		{A4051445-357E-42C4-9292-F53A67451CA2}.Debug|x86.ActiveCfg = Debug|x86
		{A4051445-357E-42C4-9292-F53A67451CA2}.Debug|x86.Build.0 = Debug|x86
		{A4051445-357E-42C4-9292-F53A67451CA2}.Debug|x86.Deploy.0 = Debug|x86
		{A4051445-357E-42C4-9292-F53A67451CA2}.Release|Any CPU.ActiveCfg = Release|x86
		{A4051445-357E-42C4-9292-F53A67451CA2}.Release|ARM.ActiveCfg = Release|ARM
		{A4051445-357E-42C4-9292-F53A67451CA2}.Release|ARM.Build.0 = Release|ARM
		{A4051445-357E-42C4-9292-F53A67451CA2}.Release|ARM.Deploy.0 = Release|ARM
		{A4051445-357E-42C4-9292-F53A67451CA2}.Release|iPhone.ActiveCfg = Release|x86
		{A4051445-357E-42C4-9292-F53A67451CA2}.Release|iPhoneSimulator.ActiveCfg = Release|x86
		{A4051445-357E-42C4-9292-F53A67451CA2}.Release|x64.ActiveCfg = Release|x64
		{A4051445-357E-42C4-9292-F53A67451CA2}.Release|x64.Build.0 = Release|x64
		{A4051445-357E-42C4-9292-F53A67451CA2}.Release|x64.Deploy.0 = Release|x64
		{A4051445-357E-42C4-9292-F53A67451CA2}.Release|x86.ActiveCfg = Release|x86
		{A4051445-357E-42C4-9292-F53A67451CA2}.Release|x86.Build.0 = Release|x86
		{A4051445-357E-42C4-9292-F53A67451CA2}.Release|x86.Deploy.0 = Release|x86
	EndGlobalSection
	GlobalSection(SolutionProperties) = preSolution
		HideSolutionNode = FALSE
	EndGlobalSection
	GlobalSection(NestedProjects) = preSolution
		{A9E540BB-5F3C-491B-97BC-5FDFE3B9F9ED} = {73952405-19FF-449F-8726-F313555A12AA}
		{E90DCC4C-E47D-4C0E-A6E5-A3F8069E188D} = {73952405-19FF-449F-8726-F313555A12AA}
		{9B1F5FBF-613B-4ED3-A6F8-7C529FF5DA91} = {73952405-19FF-449F-8726-F313555A12AA}
		{676AAC1D-38FC-4A73-9BC3-36F16B89ECC1} = {73952405-19FF-449F-8726-F313555A12AA}
		{547D2FC2-5B5D-487F-807D-11869E4964A2} = {6C69F2AC-29A6-4AFB-824B-43975679D481}
		{BE07F41E-9F7D-4C4D-AF3B-289E94D8DF54} = {6C69F2AC-29A6-4AFB-824B-43975679D481}
		{3153BBBB-1D28-4155-8AB9-61CEDB3ACFD9} = {6C69F2AC-29A6-4AFB-824B-43975679D481}
		{5B099BA6-12E8-403C-AA2F-BCD28702E50D} = {DA126B14-C9EF-4A8D-BC74-1D3559171A10}
		{151FB5BE-DA8D-46FD-A682-7E41B2A128CD} = {DA126B14-C9EF-4A8D-BC74-1D3559171A10}
		{D179FE4B-9298-453C-B507-E2F1B354AD74} = {DA126B14-C9EF-4A8D-BC74-1D3559171A10}
		{6C69F2AC-29A6-4AFB-824B-43975679D481} = {8A4C339D-1FD0-4B83-8FDF-D5B482C0CA8E}
		{DA126B14-C9EF-4A8D-BC74-1D3559171A10} = {8A4C339D-1FD0-4B83-8FDF-D5B482C0CA8E}
		{43BD4ED1-AF94-4F08-81CA-C65D96D2DB53} = {8A4C339D-1FD0-4B83-8FDF-D5B482C0CA8E}
		{2F6ED4BE-727D-4EB1-94A1-81D463806891} = {43BD4ED1-AF94-4F08-81CA-C65D96D2DB53}
		{E7CBF648-13C8-4058-A2C2-CC6D0402166F} = {43BD4ED1-AF94-4F08-81CA-C65D96D2DB53}
		{AECC5AFE-B593-457F-9A37-8D17C11504E3} = {43BD4ED1-AF94-4F08-81CA-C65D96D2DB53}
		{97CC4BEC-2D63-44C5-9246-B1029C11680D} = {8A4C339D-1FD0-4B83-8FDF-D5B482C0CA8E}
		{D26379B1-6DF7-4825-B054-238D0786ADF3} = {97CC4BEC-2D63-44C5-9246-B1029C11680D}
		{EBAF30D0-C56C-4055-ACBA-4A2027CF7285} = {97CC4BEC-2D63-44C5-9246-B1029C11680D}
		{D6745A76-B2C1-454A-B406-BF20D648ADD0} = {97CC4BEC-2D63-44C5-9246-B1029C11680D}
		{73952405-19FF-449F-8726-F313555A12AA} = {8A4C339D-1FD0-4B83-8FDF-D5B482C0CA8E}
		{B46E0AFE-8E41-46A9-AE24-B923A3017FB7} = {8A4C339D-1FD0-4B83-8FDF-D5B482C0CA8E}
		{0E36C1BC-4F25-4A34-8529-3D1C9CEA9954} = {B46E0AFE-8E41-46A9-AE24-B923A3017FB7}
		{79B245C0-E69E-4B9C-936A-61379527B997} = {B46E0AFE-8E41-46A9-AE24-B923A3017FB7}
		{7969D17A-33BD-4A38-AA05-91E91A576889} = {B46E0AFE-8E41-46A9-AE24-B923A3017FB7}
		{C8B76904-670D-48A3-BEA9-78E8A219C354} = {8A4C339D-1FD0-4B83-8FDF-D5B482C0CA8E}
		{A2ED9602-F40C-4EF0-BD7F-1EC2EDD57DB1} = {D4B55AB9-E3BB-444D-90C9-1DED1B24F39F}
		{77D95F24-0C25-4FC1-8365-3D67DDAA74EE} = {C8B76904-670D-48A3-BEA9-78E8A219C354}
		{A4051445-357E-42C4-9292-F53A67451CA2} = {C8B76904-670D-48A3-BEA9-78E8A219C354}
	EndGlobalSection
	GlobalSection(ExtensibilityGlobals) = postSolution
		SolutionGuid = {C406E047-2357-4AD4-9093-35CDA6C033D9}
	EndGlobalSection
EndGlobal
