
Microsoft Visual Studio Solution File, Format Version 12.00
# Visual Studio Version 16
VisualStudioVersion = 16.0.29709.97
MinimumVisualStudioVersion = 10.0.40219.1
Project("{FAE04EC0-301F-11D3-BF4B-00C04F79EFBC}") = "Demo1.UWP", "Demo1\Demo1.UWP\Demo1.UWP.csproj", "{A9E540BB-5F3C-491B-97BC-5FDFE3B9F9ED}"
EndProject
Project("{FAE04EC0-301F-11D3-BF4B-00C04F79EFBC}") = "Demo1.Android", "Demo1\Demo1.Android\Demo1.Android.csproj", "{E90DCC4C-E47D-4C0E-A6E5-A3F8069E188D}"
EndProject
Project("{FAE04EC0-301F-11D3-BF4B-00C04F79EFBC}") = "Demo1.iOS", "Demo1\Demo1.iOS\Demo1.iOS.csproj", "{9B1F5FBF-613B-4ED3-A6F8-7C529FF5DA91}"
EndProject
Project("{FAE04EC0-301F-11D3-BF4B-00C04F79EFBC}") = "Demo1", "Demo1\Demo1\Demo1.csproj", "{676AAC1D-38FC-4A73-9BC3-36F16B89ECC1}"
EndProject
Project("{2150E333-8FDC-42A3-9474-1A3956D46DE8}") = "Demos", "Demos", "{8A4C339D-1FD0-4B83-8FDF-D5B482C0CA8E}"
EndProject
Project("{FAE04EC0-301F-11D3-BF4B-00C04F79EFBC}") = "TP-Mod4.UWP", "TP-Mod4\TP-Mod4.UWP\TP-Mod4.UWP.csproj", "{547D2FC2-5B5D-487F-807D-11869E4964A2}"
EndProject
Project("{FAE04EC0-301F-11D3-BF4B-00C04F79EFBC}") = "TP-Mod4.Android", "TP-Mod4\TP-Mod4.Android\TP-Mod4.Android.csproj", "{BE07F41E-9F7D-4C4D-AF3B-289E94D8DF54}"
EndProject
Project("{FAE04EC0-301F-11D3-BF4B-00C04F79EFBC}") = "TP-Mod4", "TP-Mod4\TP-Mod4\TP-Mod4.csproj", "{3153BBBB-1D28-4155-8AB9-61CEDB3ACFD9}"
EndProject
Global
	GlobalSection(SolutionConfigurationPlatforms) = preSolution
		Debug|Any CPU = Debug|Any CPU
		Debug|ARM = Debug|ARM
		Debug|iPhone = Debug|iPhone
		Debug|iPhoneSimulator = Debug|iPhoneSimulator
		Debug|x64 = Debug|x64
		Debug|x86 = Debug|x86
		Release|Any CPU = Release|Any CPU
		Release|ARM = Release|ARM
		Release|iPhone = Release|iPhone
		Release|iPhoneSimulator = Release|iPhoneSimulator
		Release|x64 = Release|x64
		Release|x86 = Release|x86
	EndGlobalSection
	GlobalSection(ProjectConfigurationPlatforms) = postSolution
		{A9E540BB-5F3C-491B-97BC-5FDFE3B9F9ED}.Debug|Any CPU.ActiveCfg = Debug|x86
		{A9E540BB-5F3C-491B-97BC-5FDFE3B9F9ED}.Debug|Any CPU.Build.0 = Debug|x86
		{A9E540BB-5F3C-491B-97BC-5FDFE3B9F9ED}.Debug|Any CPU.Deploy.0 = Debug|x86
		{A9E540BB-5F3C-491B-97BC-5FDFE3B9F9ED}.Debug|ARM.ActiveCfg = Debug|ARM
		{A9E540BB-5F3C-491B-97BC-5FDFE3B9F9ED}.Debug|ARM.Build.0 = Debug|ARM
		{A9E540BB-5F3C-491B-97BC-5FDFE3B9F9ED}.Debug|ARM.Deploy.0 = Debug|ARM
		{A9E540BB-5F3C-491B-97BC-5FDFE3B9F9ED}.Debug|iPhone.ActiveCfg = Debug|x86
		{A9E540BB-5F3C-491B-97BC-5FDFE3B9F9ED}.Debug|iPhone.Build.0 = Debug|x86
		{A9E540BB-5F3C-491B-97BC-5FDFE3B9F9ED}.Debug|iPhone.Deploy.0 = Debug|x86
		{A9E540BB-5F3C-491B-97BC-5FDFE3B9F9ED}.Debug|iPhoneSimulator.ActiveCfg = Debug|x86
		{A9E540BB-5F3C-491B-97BC-5FDFE3B9F9ED}.Debug|iPhoneSimulator.Build.0 = Debug|x86
		{A9E540BB-5F3C-491B-97BC-5FDFE3B9F9ED}.Debug|iPhoneSimulator.Deploy.0 = Debug|x86
		{A9E540BB-5F3C-491B-97BC-5FDFE3B9F9ED}.Debug|x64.ActiveCfg = Debug|x64
		{A9E540BB-5F3C-491B-97BC-5FDFE3B9F9ED}.Debug|x64.Build.0 = Debug|x64
		{A9E540BB-5F3C-491B-97BC-5FDFE3B9F9ED}.Debug|x64.Deploy.0 = Debug|x64
		{A9E540BB-5F3C-491B-97BC-5FDFE3B9F9ED}.Debug|x86.ActiveCfg = Debug|x86
		{A9E540BB-5F3C-491B-97BC-5FDFE3B9F9ED}.Debug|x86.Build.0 = Debug|x86
		{A9E540BB-5F3C-491B-97BC-5FDFE3B9F9ED}.Debug|x86.Deploy.0 = Debug|x86
		{A9E540BB-5F3C-491B-97BC-5FDFE3B9F9ED}.Release|Any CPU.ActiveCfg = Release|x86
		{A9E540BB-5F3C-491B-97BC-5FDFE3B9F9ED}.Release|Any CPU.Build.0 = Release|x86
		{A9E540BB-5F3C-491B-97BC-5FDFE3B9F9ED}.Release|Any CPU.Deploy.0 = Release|x86
		{A9E540BB-5F3C-491B-97BC-5FDFE3B9F9ED}.Release|ARM.ActiveCfg = Release|ARM
		{A9E540BB-5F3C-491B-97BC-5FDFE3B9F9ED}.Release|ARM.Build.0 = Release|ARM
		{A9E540BB-5F3C-491B-97BC-5FDFE3B9F9ED}.Release|ARM.Deploy.0 = Release|ARM
		{A9E540BB-5F3C-491B-97BC-5FDFE3B9F9ED}.Release|iPhone.ActiveCfg = Release|x86
		{A9E540BB-5F3C-491B-97BC-5FDFE3B9F9ED}.Release|iPhone.Build.0 = Release|x86
		{A9E540BB-5F3C-491B-97BC-5FDFE3B9F9ED}.Release|iPhone.Deploy.0 = Release|x86
		{A9E540BB-5F3C-491B-97BC-5FDFE3B9F9ED}.Release|iPhoneSimulator.ActiveCfg = Release|x86
		{A9E540BB-5F3C-491B-97BC-5FDFE3B9F9ED}.Release|iPhoneSimulator.Build.0 = Release|x86
		{A9E540BB-5F3C-491B-97BC-5FDFE3B9F9ED}.Release|iPhoneSimulator.Deploy.0 = Release|x86
		{A9E540BB-5F3C-491B-97BC-5FDFE3B9F9ED}.Release|x64.ActiveCfg = Release|x64
		{A9E540BB-5F3C-491B-97BC-5FDFE3B9F9ED}.Release|x64.Build.0 = Release|x64
		{A9E540BB-5F3C-491B-97BC-5FDFE3B9F9ED}.Release|x64.Deploy.0 = Release|x64
		{A9E540BB-5F3C-491B-97BC-5FDFE3B9F9ED}.Release|x86.ActiveCfg = Release|x86
		{A9E540BB-5F3C-491B-97BC-5FDFE3B9F9ED}.Release|x86.Build.0 = Release|x86
		{A9E540BB-5F3C-491B-97BC-5FDFE3B9F9ED}.Release|x86.Deploy.0 = Release|x86
		{E90DCC4C-E47D-4C0E-A6E5-A3F8069E188D}.Debug|Any CPU.ActiveCfg = Debug|Any CPU
		{E90DCC4C-E47D-4C0E-A6E5-A3F8069E188D}.Debug|Any CPU.Build.0 = Debug|Any CPU
		{E90DCC4C-E47D-4C0E-A6E5-A3F8069E188D}.Debug|Any CPU.Deploy.0 = Debug|Any CPU
		{E90DCC4C-E47D-4C0E-A6E5-A3F8069E188D}.Debug|ARM.ActiveCfg = Debug|Any CPU
		{E90DCC4C-E47D-4C0E-A6E5-A3F8069E188D}.Debug|ARM.Build.0 = Debug|Any CPU
		{E90DCC4C-E47D-4C0E-A6E5-A3F8069E188D}.Debug|ARM.Deploy.0 = Debug|Any CPU
		{E90DCC4C-E47D-4C0E-A6E5-A3F8069E188D}.Debug|iPhone.ActiveCfg = Debug|Any CPU
		{E90DCC4C-E47D-4C0E-A6E5-A3F8069E188D}.Debug|iPhone.Build.0 = Debug|Any CPU
		{E90DCC4C-E47D-4C0E-A6E5-A3F8069E188D}.Debug|iPhone.Deploy.0 = Debug|Any CPU
		{E90DCC4C-E47D-4C0E-A6E5-A3F8069E188D}.Debug|iPhoneSimulator.ActiveCfg = Debug|Any CPU
		{E90DCC4C-E47D-4C0E-A6E5-A3F8069E188D}.Debug|iPhoneSimulator.Build.0 = Debug|Any CPU
		{E90DCC4C-E47D-4C0E-A6E5-A3F8069E188D}.Debug|iPhoneSimulator.Deploy.0 = Debug|Any CPU
		{E90DCC4C-E47D-4C0E-A6E5-A3F8069E188D}.Debug|x64.ActiveCfg = Debug|Any CPU
		{E90DCC4C-E47D-4C0E-A6E5-A3F8069E188D}.Debug|x64.Build.0 = Debug|Any CPU
		{E90DCC4C-E47D-4C0E-A6E5-A3F8069E188D}.Debug|x64.Deploy.0 = Debug|Any CPU
		{E90DCC4C-E47D-4C0E-A6E5-A3F8069E188D}.Debug|x86.ActiveCfg = Debug|Any CPU
		{E90DCC4C-E47D-4C0E-A6E5-A3F8069E188D}.Debug|x86.Build.0 = Debug|Any CPU
		{E90DCC4C-E47D-4C0E-A6E5-A3F8069E188D}.Debug|x86.Deploy.0 = Debug|Any CPU
		{E90DCC4C-E47D-4C0E-A6E5-A3F8069E188D}.Release|Any CPU.ActiveCfg = Release|Any CPU
		{E90DCC4C-E47D-4C0E-A6E5-A3F8069E188D}.Release|Any CPU.Build.0 = Release|Any CPU
		{E90DCC4C-E47D-4C0E-A6E5-A3F8069E188D}.Release|Any CPU.Deploy.0 = Release|Any CPU
		{E90DCC4C-E47D-4C0E-A6E5-A3F8069E188D}.Release|ARM.ActiveCfg = Release|Any CPU
		{E90DCC4C-E47D-4C0E-A6E5-A3F8069E188D}.Release|ARM.Build.0 = Release|Any CPU
		{E90DCC4C-E47D-4C0E-A6E5-A3F8069E188D}.Release|ARM.Deploy.0 = Release|Any CPU
		{E90DCC4C-E47D-4C0E-A6E5-A3F8069E188D}.Release|iPhone.ActiveCfg = Release|Any CPU
		{E90DCC4C-E47D-4C0E-A6E5-A3F8069E188D}.Release|iPhone.Build.0 = Release|Any CPU
		{E90DCC4C-E47D-4C0E-A6E5-A3F8069E188D}.Release|iPhone.Deploy.0 = Release|Any CPU
		{E90DCC4C-E47D-4C0E-A6E5-A3F8069E188D}.Release|iPhoneSimulator.ActiveCfg = Release|Any CPU
		{E90DCC4C-E47D-4C0E-A6E5-A3F8069E188D}.Release|iPhoneSimulator.Build.0 = Release|Any CPU
		{E90DCC4C-E47D-4C0E-A6E5-A3F8069E188D}.Release|iPhoneSimulator.Deploy.0 = Release|Any CPU
		{E90DCC4C-E47D-4C0E-A6E5-A3F8069E188D}.Release|x64.ActiveCfg = Release|Any CPU
		{E90DCC4C-E47D-4C0E-A6E5-A3F8069E188D}.Release|x64.Build.0 = Release|Any CPU
		{E90DCC4C-E47D-4C0E-A6E5-A3F8069E188D}.Release|x64.Deploy.0 = Release|Any CPU
		{E90DCC4C-E47D-4C0E-A6E5-A3F8069E188D}.Release|x86.ActiveCfg = Release|Any CPU
		{E90DCC4C-E47D-4C0E-A6E5-A3F8069E188D}.Release|x86.Build.0 = Release|Any CPU
		{E90DCC4C-E47D-4C0E-A6E5-A3F8069E188D}.Release|x86.Deploy.0 = Release|Any CPU
		{9B1F5FBF-613B-4ED3-A6F8-7C529FF5DA91}.Debug|Any CPU.ActiveCfg = Debug|iPhone
		{9B1F5FBF-613B-4ED3-A6F8-7C529FF5DA91}.Debug|Any CPU.Build.0 = Debug|iPhone
		{9B1F5FBF-613B-4ED3-A6F8-7C529FF5DA91}.Debug|Any CPU.Deploy.0 = Debug|iPhone
		{9B1F5FBF-613B-4ED3-A6F8-7C529FF5DA91}.Debug|ARM.ActiveCfg = Debug|iPhoneSimulator
		{9B1F5FBF-613B-4ED3-A6F8-7C529FF5DA91}.Debug|ARM.Build.0 = Debug|iPhoneSimulator
		{9B1F5FBF-613B-4ED3-A6F8-7C529FF5DA91}.Debug|ARM.Deploy.0 = Debug|iPhoneSimulator
		{9B1F5FBF-613B-4ED3-A6F8-7C529FF5DA91}.Debug|iPhone.ActiveCfg = Debug|iPhone
		{9B1F5FBF-613B-4ED3-A6F8-7C529FF5DA91}.Debug|iPhone.Build.0 = Debug|iPhone
		{9B1F5FBF-613B-4ED3-A6F8-7C529FF5DA91}.Debug|iPhone.Deploy.0 = Debug|iPhone
		{9B1F5FBF-613B-4ED3-A6F8-7C529FF5DA91}.Debug|iPhoneSimulator.ActiveCfg = Debug|iPhoneSimulator
		{9B1F5FBF-613B-4ED3-A6F8-7C529FF5DA91}.Debug|iPhoneSimulator.Build.0 = Debug|iPhoneSimulator
		{9B1F5FBF-613B-4ED3-A6F8-7C529FF5DA91}.Debug|iPhoneSimulator.Deploy.0 = Debug|iPhoneSimulator
		{9B1F5FBF-613B-4ED3-A6F8-7C529FF5DA91}.Debug|x64.ActiveCfg = Debug|iPhone
		{9B1F5FBF-613B-4ED3-A6F8-7C529FF5DA91}.Debug|x64.Build.0 = Debug|iPhone
		{9B1F5FBF-613B-4ED3-A6F8-7C529FF5DA91}.Debug|x64.Deploy.0 = Debug|iPhone
		{9B1F5FBF-613B-4ED3-A6F8-7C529FF5DA91}.Debug|x86.ActiveCfg = Debug|iPhone
		{9B1F5FBF-613B-4ED3-A6F8-7C529FF5DA91}.Debug|x86.Build.0 = Debug|iPhone
		{9B1F5FBF-613B-4ED3-A6F8-7C529FF5DA91}.Debug|x86.Deploy.0 = Debug|iPhone
		{9B1F5FBF-613B-4ED3-A6F8-7C529FF5DA91}.Release|Any CPU.ActiveCfg = Release|iPhone
		{9B1F5FBF-613B-4ED3-A6F8-7C529FF5DA91}.Release|Any CPU.Build.0 = Release|iPhone
		{9B1F5FBF-613B-4ED3-A6F8-7C529FF5DA91}.Release|Any CPU.Deploy.0 = Release|iPhone
		{9B1F5FBF-613B-4ED3-A6F8-7C529FF5DA91}.Release|ARM.ActiveCfg = Release|iPhone
		{9B1F5FBF-613B-4ED3-A6F8-7C529FF5DA91}.Release|ARM.Build.0 = Release|iPhone
		{9B1F5FBF-613B-4ED3-A6F8-7C529FF5DA91}.Release|ARM.Deploy.0 = Release|iPhone
		{9B1F5FBF-613B-4ED3-A6F8-7C529FF5DA91}.Release|iPhone.ActiveCfg = Release|iPhone
		{9B1F5FBF-613B-4ED3-A6F8-7C529FF5DA91}.Release|iPhone.Build.0 = Release|iPhone
		{9B1F5FBF-613B-4ED3-A6F8-7C529FF5DA91}.Release|iPhone.Deploy.0 = Release|iPhone
		{9B1F5FBF-613B-4ED3-A6F8-7C529FF5DA91}.Release|iPhoneSimulator.ActiveCfg = Release|iPhoneSimulator
		{9B1F5FBF-613B-4ED3-A6F8-7C529FF5DA91}.Release|iPhoneSimulator.Build.0 = Release|iPhoneSimulator
		{9B1F5FBF-613B-4ED3-A6F8-7C529FF5DA91}.Release|iPhoneSimulator.Deploy.0 = Release|iPhoneSimulator
		{9B1F5FBF-613B-4ED3-A6F8-7C529FF5DA91}.Release|x64.ActiveCfg = Release|iPhone
		{9B1F5FBF-613B-4ED3-A6F8-7C529FF5DA91}.Release|x64.Build.0 = Release|iPhone
		{9B1F5FBF-613B-4ED3-A6F8-7C529FF5DA91}.Release|x64.Deploy.0 = Release|iPhone
		{9B1F5FBF-613B-4ED3-A6F8-7C529FF5DA91}.Release|x86.ActiveCfg = Release|iPhone
		{9B1F5FBF-613B-4ED3-A6F8-7C529FF5DA91}.Release|x86.Build.0 = Release|iPhone
		{9B1F5FBF-613B-4ED3-A6F8-7C529FF5DA91}.Release|x86.Deploy.0 = Release|iPhone
		{676AAC1D-38FC-4A73-9BC3-36F16B89ECC1}.Debug|Any CPU.ActiveCfg = Debug|Any CPU
		{676AAC1D-38FC-4A73-9BC3-36F16B89ECC1}.Debug|Any CPU.Build.0 = Debug|Any CPU
		{676AAC1D-38FC-4A73-9BC3-36F16B89ECC1}.Debug|Any CPU.Deploy.0 = Debug|Any CPU
		{676AAC1D-38FC-4A73-9BC3-36F16B89ECC1}.Debug|ARM.ActiveCfg = Debug|Any CPU
		{676AAC1D-38FC-4A73-9BC3-36F16B89ECC1}.Debug|ARM.Build.0 = Debug|Any CPU
		{676AAC1D-38FC-4A73-9BC3-36F16B89ECC1}.Debug|ARM.Deploy.0 = Debug|Any CPU
		{676AAC1D-38FC-4A73-9BC3-36F16B89ECC1}.Debug|iPhone.ActiveCfg = Debug|Any CPU
		{676AAC1D-38FC-4A73-9BC3-36F16B89ECC1}.Debug|iPhone.Build.0 = Debug|Any CPU
		{676AAC1D-38FC-4A73-9BC3-36F16B89ECC1}.Debug|iPhone.Deploy.0 = Debug|Any CPU
		{676AAC1D-38FC-4A73-9BC3-36F16B89ECC1}.Debug|iPhoneSimulator.ActiveCfg = Debug|Any CPU
		{676AAC1D-38FC-4A73-9BC3-36F16B89ECC1}.Debug|iPhoneSimulator.Build.0 = Debug|Any CPU
		{676AAC1D-38FC-4A73-9BC3-36F16B89ECC1}.Debug|iPhoneSimulator.Deploy.0 = Debug|Any CPU
		{676AAC1D-38FC-4A73-9BC3-36F16B89ECC1}.Debug|x64.ActiveCfg = Debug|Any CPU
		{676AAC1D-38FC-4A73-9BC3-36F16B89ECC1}.Debug|x64.Build.0 = Debug|Any CPU
		{676AAC1D-38FC-4A73-9BC3-36F16B89ECC1}.Debug|x64.Deploy.0 = Debug|Any CPU
		{676AAC1D-38FC-4A73-9BC3-36F16B89ECC1}.Debug|x86.ActiveCfg = Debug|Any CPU
		{676AAC1D-38FC-4A73-9BC3-36F16B89ECC1}.Debug|x86.Build.0 = Debug|Any CPU
		{676AAC1D-38FC-4A73-9BC3-36F16B89ECC1}.Debug|x86.Deploy.0 = Debug|Any CPU
		{676AAC1D-38FC-4A73-9BC3-36F16B89ECC1}.Release|Any CPU.ActiveCfg = Release|Any CPU
		{676AAC1D-38FC-4A73-9BC3-36F16B89ECC1}.Release|Any CPU.Build.0 = Release|Any CPU
		{676AAC1D-38FC-4A73-9BC3-36F16B89ECC1}.Release|Any CPU.Deploy.0 = Release|Any CPU
		{676AAC1D-38FC-4A73-9BC3-36F16B89ECC1}.Release|ARM.ActiveCfg = Release|Any CPU
		{676AAC1D-38FC-4A73-9BC3-36F16B89ECC1}.Release|ARM.Build.0 = Release|Any CPU
		{676AAC1D-38FC-4A73-9BC3-36F16B89ECC1}.Release|ARM.Deploy.0 = Release|Any CPU
		{676AAC1D-38FC-4A73-9BC3-36F16B89ECC1}.Release|iPhone.ActiveCfg = Release|Any CPU
		{676AAC1D-38FC-4A73-9BC3-36F16B89ECC1}.Release|iPhone.Build.0 = Release|Any CPU
		{676AAC1D-38FC-4A73-9BC3-36F16B89ECC1}.Release|iPhone.Deploy.0 = Release|Any CPU
		{676AAC1D-38FC-4A73-9BC3-36F16B89ECC1}.Release|iPhoneSimulator.ActiveCfg = Release|Any CPU
		{676AAC1D-38FC-4A73-9BC3-36F16B89ECC1}.Release|iPhoneSimulator.Build.0 = Release|Any CPU
		{676AAC1D-38FC-4A73-9BC3-36F16B89ECC1}.Release|iPhoneSimulator.Deploy.0 = Release|Any CPU
		{676AAC1D-38FC-4A73-9BC3-36F16B89ECC1}.Release|x64.ActiveCfg = Release|Any CPU
		{676AAC1D-38FC-4A73-9BC3-36F16B89ECC1}.Release|x64.Build.0 = Release|Any CPU
		{676AAC1D-38FC-4A73-9BC3-36F16B89ECC1}.Release|x64.Deploy.0 = Release|Any CPU
		{676AAC1D-38FC-4A73-9BC3-36F16B89ECC1}.Release|x86.ActiveCfg = Release|Any CPU
		{676AAC1D-38FC-4A73-9BC3-36F16B89ECC1}.Release|x86.Build.0 = Release|Any CPU
		{676AAC1D-38FC-4A73-9BC3-36F16B89ECC1}.Release|x86.Deploy.0 = Release|Any CPU
		{547D2FC2-5B5D-487F-807D-11869E4964A2}.Debug|Any CPU.ActiveCfg = Debug|x86
		{547D2FC2-5B5D-487F-807D-11869E4964A2}.Debug|ARM.ActiveCfg = Debug|ARM
		{547D2FC2-5B5D-487F-807D-11869E4964A2}.Debug|ARM.Build.0 = Debug|ARM
		{547D2FC2-5B5D-487F-807D-11869E4964A2}.Debug|ARM.Deploy.0 = Debug|ARM
		{547D2FC2-5B5D-487F-807D-11869E4964A2}.Debug|iPhone.ActiveCfg = Debug|x86
		{547D2FC2-5B5D-487F-807D-11869E4964A2}.Debug|iPhoneSimulator.ActiveCfg = Debug|x86
		{547D2FC2-5B5D-487F-807D-11869E4964A2}.Debug|x64.ActiveCfg = Debug|x64
		{547D2FC2-5B5D-487F-807D-11869E4964A2}.Debug|x64.Build.0 = Debug|x64
		{547D2FC2-5B5D-487F-807D-11869E4964A2}.Debug|x64.Deploy.0 = Debug|x64
		{547D2FC2-5B5D-487F-807D-11869E4964A2}.Debug|x86.ActiveCfg = Debug|x86
		{547D2FC2-5B5D-487F-807D-11869E4964A2}.Debug|x86.Build.0 = Debug|x86
		{547D2FC2-5B5D-487F-807D-11869E4964A2}.Debug|x86.Deploy.0 = Debug|x86
		{547D2FC2-5B5D-487F-807D-11869E4964A2}.Release|Any CPU.ActiveCfg = Release|x86
		{547D2FC2-5B5D-487F-807D-11869E4964A2}.Release|ARM.ActiveCfg = Release|ARM
		{547D2FC2-5B5D-487F-807D-11869E4964A2}.Release|ARM.Build.0 = Release|ARM
		{547D2FC2-5B5D-487F-807D-11869E4964A2}.Release|ARM.Deploy.0 = Release|ARM
		{547D2FC2-5B5D-487F-807D-11869E4964A2}.Release|iPhone.ActiveCfg = Release|x86
		{547D2FC2-5B5D-487F-807D-11869E4964A2}.Release|iPhoneSimulator.ActiveCfg = Release|x86
		{547D2FC2-5B5D-487F-807D-11869E4964A2}.Release|x64.ActiveCfg = Release|x64
		{547D2FC2-5B5D-487F-807D-11869E4964A2}.Release|x64.Build.0 = Release|x64
		{547D2FC2-5B5D-487F-807D-11869E4964A2}.Release|x64.Deploy.0 = Release|x64
		{547D2FC2-5B5D-487F-807D-11869E4964A2}.Release|x86.ActiveCfg = Release|x86
		{547D2FC2-5B5D-487F-807D-11869E4964A2}.Release|x86.Build.0 = Release|x86
		{547D2FC2-5B5D-487F-807D-11869E4964A2}.Release|x86.Deploy.0 = Release|x86
		{BE07F41E-9F7D-4C4D-AF3B-289E94D8DF54}.Debug|Any CPU.ActiveCfg = Debug|Any CPU
		{BE07F41E-9F7D-4C4D-AF3B-289E94D8DF54}.Debug|Any CPU.Build.0 = Debug|Any CPU
		{BE07F41E-9F7D-4C4D-AF3B-289E94D8DF54}.Debug|Any CPU.Deploy.0 = Debug|Any CPU
		{BE07F41E-9F7D-4C4D-AF3B-289E94D8DF54}.Debug|ARM.ActiveCfg = Debug|Any CPU
		{BE07F41E-9F7D-4C4D-AF3B-289E94D8DF54}.Debug|ARM.Build.0 = Debug|Any CPU
		{BE07F41E-9F7D-4C4D-AF3B-289E94D8DF54}.Debug|ARM.Deploy.0 = Debug|Any CPU
		{BE07F41E-9F7D-4C4D-AF3B-289E94D8DF54}.Debug|iPhone.ActiveCfg = Debug|Any CPU
		{BE07F41E-9F7D-4C4D-AF3B-289E94D8DF54}.Debug|iPhone.Build.0 = Debug|Any CPU
		{BE07F41E-9F7D-4C4D-AF3B-289E94D8DF54}.Debug|iPhone.Deploy.0 = Debug|Any CPU
		{BE07F41E-9F7D-4C4D-AF3B-289E94D8DF54}.Debug|iPhoneSimulator.ActiveCfg = Debug|Any CPU
		{BE07F41E-9F7D-4C4D-AF3B-289E94D8DF54}.Debug|iPhoneSimulator.Build.0 = Debug|Any CPU
		{BE07F41E-9F7D-4C4D-AF3B-289E94D8DF54}.Debug|iPhoneSimulator.Deploy.0 = Debug|Any CPU
		{BE07F41E-9F7D-4C4D-AF3B-289E94D8DF54}.Debug|x64.ActiveCfg = Debug|Any CPU
		{BE07F41E-9F7D-4C4D-AF3B-289E94D8DF54}.Debug|x64.Build.0 = Debug|Any CPU
		{BE07F41E-9F7D-4C4D-AF3B-289E94D8DF54}.Debug|x64.Deploy.0 = Debug|Any CPU
		{BE07F41E-9F7D-4C4D-AF3B-289E94D8DF54}.Debug|x86.ActiveCfg = Debug|Any CPU
		{BE07F41E-9F7D-4C4D-AF3B-289E94D8DF54}.Debug|x86.Build.0 = Debug|Any CPU
		{BE07F41E-9F7D-4C4D-AF3B-289E94D8DF54}.Debug|x86.Deploy.0 = Debug|Any CPU
		{BE07F41E-9F7D-4C4D-AF3B-289E94D8DF54}.Release|Any CPU.ActiveCfg = Release|Any CPU
		{BE07F41E-9F7D-4C4D-AF3B-289E94D8DF54}.Release|Any CPU.Build.0 = Release|Any CPU
		{BE07F41E-9F7D-4C4D-AF3B-289E94D8DF54}.Release|Any CPU.Deploy.0 = Release|Any CPU
		{BE07F41E-9F7D-4C4D-AF3B-289E94D8DF54}.Release|ARM.ActiveCfg = Release|Any CPU
		{BE07F41E-9F7D-4C4D-AF3B-289E94D8DF54}.Release|ARM.Build.0 = Release|Any CPU
		{BE07F41E-9F7D-4C4D-AF3B-289E94D8DF54}.Release|ARM.Deploy.0 = Release|Any CPU
		{BE07F41E-9F7D-4C4D-AF3B-289E94D8DF54}.Release|iPhone.ActiveCfg = Release|Any CPU
		{BE07F41E-9F7D-4C4D-AF3B-289E94D8DF54}.Release|iPhone.Build.0 = Release|Any CPU
		{BE07F41E-9F7D-4C4D-AF3B-289E94D8DF54}.Release|iPhone.Deploy.0 = Release|Any CPU
		{BE07F41E-9F7D-4C4D-AF3B-289E94D8DF54}.Release|iPhoneSimulator.ActiveCfg = Release|Any CPU
		{BE07F41E-9F7D-4C4D-AF3B-289E94D8DF54}.Release|iPhoneSimulator.Build.0 = Release|Any CPU
		{BE07F41E-9F7D-4C4D-AF3B-289E94D8DF54}.Release|iPhoneSimulator.Deploy.0 = Release|Any CPU
		{BE07F41E-9F7D-4C4D-AF3B-289E94D8DF54}.Release|x64.ActiveCfg = Release|Any CPU
		{BE07F41E-9F7D-4C4D-AF3B-289E94D8DF54}.Release|x64.Build.0 = Release|Any CPU
		{BE07F41E-9F7D-4C4D-AF3B-289E94D8DF54}.Release|x64.Deploy.0 = Release|Any CPU
		{BE07F41E-9F7D-4C4D-AF3B-289E94D8DF54}.Release|x86.ActiveCfg = Release|Any CPU
		{BE07F41E-9F7D-4C4D-AF3B-289E94D8DF54}.Release|x86.Build.0 = Release|Any CPU
		{BE07F41E-9F7D-4C4D-AF3B-289E94D8DF54}.Release|x86.Deploy.0 = Release|Any CPU
		{3153BBBB-1D28-4155-8AB9-61CEDB3ACFD9}.Debug|Any CPU.ActiveCfg = Debug|Any CPU
		{3153BBBB-1D28-4155-8AB9-61CEDB3ACFD9}.Debug|Any CPU.Build.0 = Debug|Any CPU
		{3153BBBB-1D28-4155-8AB9-61CEDB3ACFD9}.Debug|ARM.ActiveCfg = Debug|Any CPU
		{3153BBBB-1D28-4155-8AB9-61CEDB3ACFD9}.Debug|ARM.Build.0 = Debug|Any CPU
		{3153BBBB-1D28-4155-8AB9-61CEDB3ACFD9}.Debug|iPhone.ActiveCfg = Debug|Any CPU
		{3153BBBB-1D28-4155-8AB9-61CEDB3ACFD9}.Debug|iPhone.Build.0 = Debug|Any CPU
		{3153BBBB-1D28-4155-8AB9-61CEDB3ACFD9}.Debug|iPhoneSimulator.ActiveCfg = Debug|Any CPU
		{3153BBBB-1D28-4155-8AB9-61CEDB3ACFD9}.Debug|iPhoneSimulator.Build.0 = Debug|Any CPU
		{3153BBBB-1D28-4155-8AB9-61CEDB3ACFD9}.Debug|x64.ActiveCfg = Debug|Any CPU
		{3153BBBB-1D28-4155-8AB9-61CEDB3ACFD9}.Debug|x64.Build.0 = Debug|Any CPU
		{3153BBBB-1D28-4155-8AB9-61CEDB3ACFD9}.Debug|x86.ActiveCfg = Debug|Any CPU
		{3153BBBB-1D28-4155-8AB9-61CEDB3ACFD9}.Debug|x86.Build.0 = Debug|Any CPU
		{3153BBBB-1D28-4155-8AB9-61CEDB3ACFD9}.Release|Any CPU.ActiveCfg = Release|Any CPU
		{3153BBBB-1D28-4155-8AB9-61CEDB3ACFD9}.Release|Any CPU.Build.0 = Release|Any CPU
		{3153BBBB-1D28-4155-8AB9-61CEDB3ACFD9}.Release|ARM.ActiveCfg = Release|Any CPU
		{3153BBBB-1D28-4155-8AB9-61CEDB3ACFD9}.Release|ARM.Build.0 = Release|Any CPU
		{3153BBBB-1D28-4155-8AB9-61CEDB3ACFD9}.Release|iPhone.ActiveCfg = Release|Any CPU
		{3153BBBB-1D28-4155-8AB9-61CEDB3ACFD9}.Release|iPhone.Build.0 = Release|Any CPU
		{3153BBBB-1D28-4155-8AB9-61CEDB3ACFD9}.Release|iPhoneSimulator.ActiveCfg = Release|Any CPU
		{3153BBBB-1D28-4155-8AB9-61CEDB3ACFD9}.Release|iPhoneSimulator.Build.0 = Release|Any CPU
		{3153BBBB-1D28-4155-8AB9-61CEDB3ACFD9}.Release|x64.ActiveCfg = Release|Any CPU
		{3153BBBB-1D28-4155-8AB9-61CEDB3ACFD9}.Release|x64.Build.0 = Release|Any CPU
		{3153BBBB-1D28-4155-8AB9-61CEDB3ACFD9}.Release|x86.ActiveCfg = Release|Any CPU
		{3153BBBB-1D28-4155-8AB9-61CEDB3ACFD9}.Release|x86.Build.0 = Release|Any CPU
	EndGlobalSection
	GlobalSection(SolutionProperties) = preSolution
		HideSolutionNode = FALSE
	EndGlobalSection
	GlobalSection(NestedProjects) = preSolution
		{547D2FC2-5B5D-487F-807D-11869E4964A2} = {8A4C339D-1FD0-4B83-8FDF-D5B482C0CA8E}
		{BE07F41E-9F7D-4C4D-AF3B-289E94D8DF54} = {8A4C339D-1FD0-4B83-8FDF-D5B482C0CA8E}
		{3153BBBB-1D28-4155-8AB9-61CEDB3ACFD9} = {8A4C339D-1FD0-4B83-8FDF-D5B482C0CA8E}
	EndGlobalSection
	GlobalSection(ExtensibilityGlobals) = postSolution
		SolutionGuid = {C406E047-2357-4AD4-9093-35CDA6C033D9}
	EndGlobalSection
EndGlobal
